
Microsoft Visual Studio Solution File, Format Version 12.00
# Visual Studio Version 17
VisualStudioVersion = 17.3.32611.2
MinimumVisualStudioVersion = 10.0.40219.1
Project("{9A19103F-16F7-4668-BE54-9A1E7A4F7556}") = "AbpScanProject.Domain", "src\AbpScanProject.Domain\AbpScanProject.Domain.csproj", "{554AD327-6DBA-4F8F-96F8-81CE7A0C863F}"
EndProject
Project("{9A19103F-16F7-4668-BE54-9A1E7A4F7556}") = "Volo.Abp.VirtualFileExplorer.Installer", "modules\Volo.VirtualFileExplorer\src\Volo.Abp.VirtualFileExplorer.Installer\Volo.Abp.VirtualFileExplorer.Installer.csproj", "{FFBDAAD5-6C10-4376-B961-37B3C214E9EC}"
EndProject
Project("{2150E333-8FDC-42A3-9474-1A3956D46DE8}") = "Volo.VirtualFileExplorer", "Volo.VirtualFileExplorer", "{8EFEB2C7-3419-4DD2-B9BE-4A8FD81F3155}"
EndProject
Project("{9A19103F-16F7-4668-BE54-9A1E7A4F7556}") = "Volo.Abp.SettingManagement.Web", "modules\Volo.SettingManagement\src\Volo.Abp.SettingManagement.Web\Volo.Abp.SettingManagement.Web.csproj", "{ED88E5B9-1547-4845-A31C-5153487E6787}"
EndProject
Project("{9A19103F-16F7-4668-BE54-9A1E7A4F7556}") = "Volo.Abp.SettingManagement.Installer", "modules\Volo.SettingManagement\src\Volo.Abp.SettingManagement.Installer\Volo.Abp.SettingManagement.Installer.csproj", "{DF2A2C44-2E84-4AC9-A30B-6A7A2CD0AAF8}"
EndProject
Project("{9A19103F-16F7-4668-BE54-9A1E7A4F7556}") = "Volo.Abp.SettingManagement.HttpApi.Client", "modules\Volo.SettingManagement\src\Volo.Abp.SettingManagement.HttpApi.Client\Volo.Abp.SettingManagement.HttpApi.Client.csproj", "{B2C1DED4-2D3B-49BA-8413-43EBE639BD77}"
EndProject
Project("{9A19103F-16F7-4668-BE54-9A1E7A4F7556}") = "Volo.Abp.SettingManagement.HttpApi", "modules\Volo.SettingManagement\src\Volo.Abp.SettingManagement.HttpApi\Volo.Abp.SettingManagement.HttpApi.csproj", "{381DC3B2-E6F8-437C-A62B-4A44D2742276}"
EndProject
Project("{9A19103F-16F7-4668-BE54-9A1E7A4F7556}") = "Volo.Abp.SettingManagement.EntityFrameworkCore", "modules\Volo.SettingManagement\src\Volo.Abp.SettingManagement.EntityFrameworkCore\Volo.Abp.SettingManagement.EntityFrameworkCore.csproj", "{6454459F-E796-488C-82F1-A7CF3C30D453}"
EndProject
Project("{9A19103F-16F7-4668-BE54-9A1E7A4F7556}") = "Volo.Abp.SettingManagement.Domain.Shared", "modules\Volo.SettingManagement\src\Volo.Abp.SettingManagement.Domain.Shared\Volo.Abp.SettingManagement.Domain.Shared.csproj", "{EAFC20B5-1655-4758-8802-9C3E439AFEB5}"
EndProject
Project("{9A19103F-16F7-4668-BE54-9A1E7A4F7556}") = "Volo.Abp.SettingManagement.Domain", "modules\Volo.SettingManagement\src\Volo.Abp.SettingManagement.Domain\Volo.Abp.SettingManagement.Domain.csproj", "{60AAA3A1-34EA-47E8-AC18-0137E8951167}"
EndProject
Project("{9A19103F-16F7-4668-BE54-9A1E7A4F7556}") = "Volo.Abp.SettingManagement.Blazor", "modules\Volo.SettingManagement\src\Volo.Abp.SettingManagement.Blazor\Volo.Abp.SettingManagement.Blazor.csproj", "{6BEF5185-4670-4BCF-A7FD-8B49CD7F159B}"
EndProject
Project("{9A19103F-16F7-4668-BE54-9A1E7A4F7556}") = "Volo.Abp.SettingManagement.Application.Contracts", "modules\Volo.SettingManagement\src\Volo.Abp.SettingManagement.Application.Contracts\Volo.Abp.SettingManagement.Application.Contracts.csproj", "{B67DA1F5-A4E8-4C0D-8A2B-E3F9C5772C6B}"
EndProject
Project("{9A19103F-16F7-4668-BE54-9A1E7A4F7556}") = "Volo.Abp.SettingManagement.Application", "modules\Volo.SettingManagement\src\Volo.Abp.SettingManagement.Application\Volo.Abp.SettingManagement.Application.csproj", "{3D067007-FDE8-4B00-929A-63D13D6EF409}"
EndProject
Project("{2150E333-8FDC-42A3-9474-1A3956D46DE8}") = "Volo.SettingManagement", "Volo.SettingManagement", "{6619B448-7E44-4EA7-999C-7F0FFA9C31CD}"
EndProject
Project("{9A19103F-16F7-4668-BE54-9A1E7A4F7556}") = "Volo.Abp.TenantManagement.Web", "modules\Volo.TenantManagement\src\Volo.Abp.TenantManagement.Web\Volo.Abp.TenantManagement.Web.csproj", "{E45A9653-39B6-46CF-A0CF-D2987781A7A2}"
EndProject
Project("{9A19103F-16F7-4668-BE54-9A1E7A4F7556}") = "Volo.Abp.TenantManagement.MongoDB", "modules\Volo.TenantManagement\src\Volo.Abp.TenantManagement.MongoDB\Volo.Abp.TenantManagement.MongoDB.csproj", "{3203DF96-69BB-4748-9698-9A4D071003E6}"
EndProject
Project("{9A19103F-16F7-4668-BE54-9A1E7A4F7556}") = "Volo.Abp.TenantManagement.Installer", "modules\Volo.TenantManagement\src\Volo.Abp.TenantManagement.Installer\Volo.Abp.TenantManagement.Installer.csproj", "{18C1B664-CB5E-4419-9EA7-0D0C3D52732C}"
EndProject
Project("{9A19103F-16F7-4668-BE54-9A1E7A4F7556}") = "Volo.Abp.TenantManagement.HttpApi.Client", "modules\Volo.TenantManagement\src\Volo.Abp.TenantManagement.HttpApi.Client\Volo.Abp.TenantManagement.HttpApi.Client.csproj", "{E955326C-C3F1-4EEC-B0CB-3F8AB99259F2}"
EndProject
Project("{9A19103F-16F7-4668-BE54-9A1E7A4F7556}") = "Volo.Abp.TenantManagement.HttpApi", "modules\Volo.TenantManagement\src\Volo.Abp.TenantManagement.HttpApi\Volo.Abp.TenantManagement.HttpApi.csproj", "{E9E9CC4D-ACC7-461A-BCC3-C2FE669754F7}"
EndProject
Project("{9A19103F-16F7-4668-BE54-9A1E7A4F7556}") = "Volo.Abp.TenantManagement.EntityFrameworkCore", "modules\Volo.TenantManagement\src\Volo.Abp.TenantManagement.EntityFrameworkCore\Volo.Abp.TenantManagement.EntityFrameworkCore.csproj", "{C8865FBC-F19A-49BB-AB73-17A67F283EDE}"
EndProject
Project("{9A19103F-16F7-4668-BE54-9A1E7A4F7556}") = "Volo.Abp.TenantManagement.Domain.Shared", "modules\Volo.TenantManagement\src\Volo.Abp.TenantManagement.Domain.Shared\Volo.Abp.TenantManagement.Domain.Shared.csproj", "{17F1E4AE-452D-469A-BF1C-D9EB07D79B98}"
EndProject
Project("{9A19103F-16F7-4668-BE54-9A1E7A4F7556}") = "Volo.Abp.TenantManagement.Domain", "modules\Volo.TenantManagement\src\Volo.Abp.TenantManagement.Domain\Volo.Abp.TenantManagement.Domain.csproj", "{9CDE32D2-423A-4D35-8D3B-A79CE0CCD368}"
EndProject
Project("{9A19103F-16F7-4668-BE54-9A1E7A4F7556}") = "Volo.Abp.TenantManagement.Blazor.WebAssembly", "modules\Volo.TenantManagement\src\Volo.Abp.TenantManagement.Blazor.WebAssembly\Volo.Abp.TenantManagement.Blazor.WebAssembly.csproj", "{4B3684A0-3E49-4A15-9068-89AC6B24A512}"
EndProject
Project("{9A19103F-16F7-4668-BE54-9A1E7A4F7556}") = "Volo.Abp.TenantManagement.Blazor.Server", "modules\Volo.TenantManagement\src\Volo.Abp.TenantManagement.Blazor.Server\Volo.Abp.TenantManagement.Blazor.Server.csproj", "{A7DADE78-9D90-4C1C-861C-C1A6BE1A3FAB}"
EndProject
Project("{9A19103F-16F7-4668-BE54-9A1E7A4F7556}") = "Volo.Abp.TenantManagement.Blazor", "modules\Volo.TenantManagement\src\Volo.Abp.TenantManagement.Blazor\Volo.Abp.TenantManagement.Blazor.csproj", "{C542671E-8CB0-438E-B7B7-F86541EE1F91}"
EndProject
Project("{9A19103F-16F7-4668-BE54-9A1E7A4F7556}") = "Volo.Abp.TenantManagement.Application.Contracts", "modules\Volo.TenantManagement\src\Volo.Abp.TenantManagement.Application.Contracts\Volo.Abp.TenantManagement.Application.Contracts.csproj", "{DA6A9E2D-85C6-4B9D-AB01-F81293DA9C55}"
EndProject
Project("{9A19103F-16F7-4668-BE54-9A1E7A4F7556}") = "Volo.Abp.TenantManagement.Application", "modules\Volo.TenantManagement\src\Volo.Abp.TenantManagement.Application\Volo.Abp.TenantManagement.Application.csproj", "{9B4C4308-63B2-460B-A6DE-7094CFF6E9F5}"
EndProject
Project("{2150E333-8FDC-42A3-9474-1A3956D46DE8}") = "Volo.TenantManagement", "Volo.TenantManagement", "{1F33952D-978C-438F-9304-38D4E04E097D}"
EndProject
Project("{9A19103F-16F7-4668-BE54-9A1E7A4F7556}") = "Volo.Abp.FeatureManagement.Web", "modules\Volo.FeatureManagement\src\Volo.Abp.FeatureManagement.Web\Volo.Abp.FeatureManagement.Web.csproj", "{F2817165-B16E-4A31-A801-B8AB106BD387}"
EndProject
Project("{9A19103F-16F7-4668-BE54-9A1E7A4F7556}") = "Volo.Abp.FeatureManagement.Installer", "modules\Volo.FeatureManagement\src\Volo.Abp.FeatureManagement.Installer\Volo.Abp.FeatureManagement.Installer.csproj", "{2EE1997B-091A-4324-AB21-3C333EB51531}"
EndProject
Project("{9A19103F-16F7-4668-BE54-9A1E7A4F7556}") = "Volo.Abp.FeatureManagement.HttpApi.Client", "modules\Volo.FeatureManagement\src\Volo.Abp.FeatureManagement.HttpApi.Client\Volo.Abp.FeatureManagement.HttpApi.Client.csproj", "{594B8BD3-17EC-4F3E-AFA1-E2D70A2A881A}"
EndProject
Project("{9A19103F-16F7-4668-BE54-9A1E7A4F7556}") = "Volo.Abp.FeatureManagement.HttpApi", "modules\Volo.FeatureManagement\src\Volo.Abp.FeatureManagement.HttpApi\Volo.Abp.FeatureManagement.HttpApi.csproj", "{A7536D65-1580-4A44-8DF4-CE88701C6DFB}"
EndProject
Project("{9A19103F-16F7-4668-BE54-9A1E7A4F7556}") = "Volo.Abp.FeatureManagement.EntityFrameworkCore", "modules\Volo.FeatureManagement\src\Volo.Abp.FeatureManagement.EntityFrameworkCore\Volo.Abp.FeatureManagement.EntityFrameworkCore.csproj", "{389D8BE2-7997-405E-9249-30EA0A458A3E}"
EndProject
Project("{9A19103F-16F7-4668-BE54-9A1E7A4F7556}") = "Volo.Abp.FeatureManagement.Domain.Shared", "modules\Volo.FeatureManagement\src\Volo.Abp.FeatureManagement.Domain.Shared\Volo.Abp.FeatureManagement.Domain.Shared.csproj", "{55250973-AD5A-4E49-84EA-803BBD84D3C3}"
EndProject
Project("{9A19103F-16F7-4668-BE54-9A1E7A4F7556}") = "Volo.Abp.FeatureManagement.Domain", "modules\Volo.FeatureManagement\src\Volo.Abp.FeatureManagement.Domain\Volo.Abp.FeatureManagement.Domain.csproj", "{F2DB9A42-7836-41F6-B82C-032EEAA3E7B3}"
EndProject
Project("{9A19103F-16F7-4668-BE54-9A1E7A4F7556}") = "Volo.Abp.FeatureManagement.Blazor.WebAssembly", "modules\Volo.FeatureManagement\src\Volo.Abp.FeatureManagement.Blazor.WebAssembly\Volo.Abp.FeatureManagement.Blazor.WebAssembly.csproj", "{8F925E71-3E54-48A6-ACDD-9569B5F8F977}"
EndProject
Project("{9A19103F-16F7-4668-BE54-9A1E7A4F7556}") = "Volo.Abp.FeatureManagement.Blazor.Server", "modules\Volo.FeatureManagement\src\Volo.Abp.FeatureManagement.Blazor.Server\Volo.Abp.FeatureManagement.Blazor.Server.csproj", "{05FC332C-25FB-4C13-B152-FCE34EA8ADD5}"
EndProject
Project("{9A19103F-16F7-4668-BE54-9A1E7A4F7556}") = "Volo.Abp.FeatureManagement.Blazor", "modules\Volo.FeatureManagement\src\Volo.Abp.FeatureManagement.Blazor\Volo.Abp.FeatureManagement.Blazor.csproj", "{987A6423-84F7-4FFC-8227-E9638CC91FC4}"
EndProject
Project("{9A19103F-16F7-4668-BE54-9A1E7A4F7556}") = "Volo.Abp.FeatureManagement.Application.Contracts", "modules\Volo.FeatureManagement\src\Volo.Abp.FeatureManagement.Application.Contracts\Volo.Abp.FeatureManagement.Application.Contracts.csproj", "{6EDEAB9E-1136-419B-8BBB-8F13FA34F72A}"
EndProject
Project("{9A19103F-16F7-4668-BE54-9A1E7A4F7556}") = "Volo.Abp.FeatureManagement.Application", "modules\Volo.FeatureManagement\src\Volo.Abp.FeatureManagement.Application\Volo.Abp.FeatureManagement.Application.csproj", "{6BCFCBFA-9FE0-418D-A999-D14C64239565}"
EndProject
Project("{2150E333-8FDC-42A3-9474-1A3956D46DE8}") = "Volo.FeatureManagement", "Volo.FeatureManagement", "{175590DD-7D16-4BF7-8733-752E24050FCC}"
EndProject
Project("{9A19103F-16F7-4668-BE54-9A1E7A4F7556}") = "Volo.Docs.MongoDB", "modules\Volo.Docs\src\Volo.Docs.MongoDB\Volo.Docs.MongoDB.csproj", "{53F84FC2-4875-485A-AE50-23393D84F3C8}"
EndProject
Project("{9A19103F-16F7-4668-BE54-9A1E7A4F7556}") = "Volo.Docs.Installer", "modules\Volo.Docs\src\Volo.Docs.Installer\Volo.Docs.Installer.csproj", "{59796FF5-587B-4990-972F-6AA94E8F2AC2}"
EndProject
Project("{9A19103F-16F7-4668-BE54-9A1E7A4F7556}") = "Volo.Docs.HttpApi.Client", "modules\Volo.Docs\src\Volo.Docs.HttpApi.Client\Volo.Docs.HttpApi.Client.csproj", "{E6637841-6704-44B7-88A6-3B9A9CBCD4F9}"
EndProject
Project("{9A19103F-16F7-4668-BE54-9A1E7A4F7556}") = "Volo.Docs.HttpApi", "modules\Volo.Docs\src\Volo.Docs.HttpApi\Volo.Docs.HttpApi.csproj", "{76C974F3-C555-4C7B-A066-656AEF016C2A}"
EndProject
Project("{9A19103F-16F7-4668-BE54-9A1E7A4F7556}") = "Volo.Docs.EntityFrameworkCore", "modules\Volo.Docs\src\Volo.Docs.EntityFrameworkCore\Volo.Docs.EntityFrameworkCore.csproj", "{38BF9A96-1B55-49A3-8CD5-9B9C605D0594}"
EndProject
Project("{9A19103F-16F7-4668-BE54-9A1E7A4F7556}") = "Volo.Docs.Domain.Shared", "modules\Volo.Docs\src\Volo.Docs.Domain.Shared\Volo.Docs.Domain.Shared.csproj", "{FE4524F4-54A4-4204-BD84-77E93DC5113B}"
EndProject
Project("{9A19103F-16F7-4668-BE54-9A1E7A4F7556}") = "Volo.Docs.Domain", "modules\Volo.Docs\src\Volo.Docs.Domain\Volo.Docs.Domain.csproj", "{7323E705-0CD3-43DD-BA92-DEA60CFE31FF}"
EndProject
Project("{9A19103F-16F7-4668-BE54-9A1E7A4F7556}") = "Volo.Docs.Application.Contracts", "modules\Volo.Docs\src\Volo.Docs.Application.Contracts\Volo.Docs.Application.Contracts.csproj", "{54C4578C-C588-4F10-9B09-7172BF7094CF}"
EndProject
Project("{9A19103F-16F7-4668-BE54-9A1E7A4F7556}") = "Volo.Docs.Application", "modules\Volo.Docs\src\Volo.Docs.Application\Volo.Docs.Application.csproj", "{290955AD-6489-4407-AC39-4ACA8D25668F}"
EndProject
Project("{9A19103F-16F7-4668-BE54-9A1E7A4F7556}") = "Volo.Docs.Admin.HttpApi.Client", "modules\Volo.Docs\src\Volo.Docs.Admin.HttpApi.Client\Volo.Docs.Admin.HttpApi.Client.csproj", "{94BB880D-5839-44D8-A308-216325970AFF}"
EndProject
Project("{9A19103F-16F7-4668-BE54-9A1E7A4F7556}") = "Volo.Docs.Admin.HttpApi", "modules\Volo.Docs\src\Volo.Docs.Admin.HttpApi\Volo.Docs.Admin.HttpApi.csproj", "{E89460F3-B331-4A97-8745-94E7AD3240D1}"
EndProject
Project("{9A19103F-16F7-4668-BE54-9A1E7A4F7556}") = "Volo.Docs.Admin.Application.Contracts", "modules\Volo.Docs\src\Volo.Docs.Admin.Application.Contracts\Volo.Docs.Admin.Application.Contracts.csproj", "{58D6AA24-6072-4DDD-B9DF-DAD72B96EECE}"
EndProject
Project("{9A19103F-16F7-4668-BE54-9A1E7A4F7556}") = "Volo.Docs.Admin.Application", "modules\Volo.Docs\src\Volo.Docs.Admin.Application\Volo.Docs.Admin.Application.csproj", "{809F2332-E8F4-40C9-95B8-D5D11554806E}"
EndProject
Project("{2150E333-8FDC-42A3-9474-1A3956D46DE8}") = "Volo.Docs", "Volo.Docs", "{5644FEE3-CD82-44E0-B4B8-6FE1D76E6AC1}"
EndProject
Project("{9A19103F-16F7-4668-BE54-9A1E7A4F7556}") = "Volo.CmsKit.Public.Web", "modules\Volo.CmsKit\src\Volo.CmsKit.Public.Web\Volo.CmsKit.Public.Web.csproj", "{820062FB-4127-4A1C-89A9-A648A00957C2}"
EndProject
Project("{9A19103F-16F7-4668-BE54-9A1E7A4F7556}") = "Volo.CmsKit.Public.HttpApi.Client", "modules\Volo.CmsKit\src\Volo.CmsKit.Public.HttpApi.Client\Volo.CmsKit.Public.HttpApi.Client.csproj", "{75745A16-8CB5-42DB-8412-656ADB2DDB45}"
EndProject
Project("{9A19103F-16F7-4668-BE54-9A1E7A4F7556}") = "Volo.CmsKit.Public.HttpApi", "modules\Volo.CmsKit\src\Volo.CmsKit.Public.HttpApi\Volo.CmsKit.Public.HttpApi.csproj", "{41A3E35A-DD5E-4B77-98EE-2A07471BE51A}"
EndProject
Project("{9A19103F-16F7-4668-BE54-9A1E7A4F7556}") = "Volo.CmsKit.Public.Application.Contracts", "modules\Volo.CmsKit\src\Volo.CmsKit.Public.Application.Contracts\Volo.CmsKit.Public.Application.Contracts.csproj", "{8CC9FFC7-DB94-485E-A1FF-CB5A582EA5CE}"
EndProject
Project("{9A19103F-16F7-4668-BE54-9A1E7A4F7556}") = "Volo.CmsKit.Public.Application", "modules\Volo.CmsKit\src\Volo.CmsKit.Public.Application\Volo.CmsKit.Public.Application.csproj", "{7EE56F96-F8EE-48C4-A116-64290EBBF92B}"
EndProject
Project("{9A19103F-16F7-4668-BE54-9A1E7A4F7556}") = "Volo.CmsKit.Installer", "modules\Volo.CmsKit\src\Volo.CmsKit.Installer\Volo.CmsKit.Installer.csproj", "{3ED3D486-FB53-4887-BD1F-98659C467AAB}"
EndProject
Project("{9A19103F-16F7-4668-BE54-9A1E7A4F7556}") = "Volo.CmsKit.HttpApi.Client", "modules\Volo.CmsKit\src\Volo.CmsKit.HttpApi.Client\Volo.CmsKit.HttpApi.Client.csproj", "{1103F7BC-19FD-47EE-9C70-9B9494C5394C}"
EndProject
Project("{9A19103F-16F7-4668-BE54-9A1E7A4F7556}") = "Volo.CmsKit.HttpApi", "modules\Volo.CmsKit\src\Volo.CmsKit.HttpApi\Volo.CmsKit.HttpApi.csproj", "{2FF33F25-409D-4541-9A8F-D5C33959EF91}"
EndProject
Project("{9A19103F-16F7-4668-BE54-9A1E7A4F7556}") = "Volo.CmsKit.EntityFrameworkCore", "modules\Volo.CmsKit\src\Volo.CmsKit.EntityFrameworkCore\Volo.CmsKit.EntityFrameworkCore.csproj", "{916B5B5A-9ED3-40BE-8F3D-FA56C72DA71A}"
EndProject
Project("{9A19103F-16F7-4668-BE54-9A1E7A4F7556}") = "Volo.CmsKit.Domain.Shared", "modules\Volo.CmsKit\src\Volo.CmsKit.Domain.Shared\Volo.CmsKit.Domain.Shared.csproj", "{96E8072B-7DA9-463F-96BE-C9E575343456}"
EndProject
Project("{9A19103F-16F7-4668-BE54-9A1E7A4F7556}") = "Volo.CmsKit.Domain", "modules\Volo.CmsKit\src\Volo.CmsKit.Domain\Volo.CmsKit.Domain.csproj", "{A114B9A5-3465-435E-86B5-936E4A7D73C2}"
EndProject
Project("{9A19103F-16F7-4668-BE54-9A1E7A4F7556}") = "Volo.CmsKit.Common.Web", "modules\Volo.CmsKit\src\Volo.CmsKit.Common.Web\Volo.CmsKit.Common.Web.csproj", "{670C7842-2B8D-42BE-A2D9-E2E6D890BAA0}"
	ProjectSection(ProjectDependencies) = postProject
		{ED88E5B9-1547-4845-A31C-5153487E6787} = {ED88E5B9-1547-4845-A31C-5153487E6787}
	EndProjectSection
EndProject
Project("{9A19103F-16F7-4668-BE54-9A1E7A4F7556}") = "Volo.CmsKit.Common.HttpApi.Client", "modules\Volo.CmsKit\src\Volo.CmsKit.Common.HttpApi.Client\Volo.CmsKit.Common.HttpApi.Client.csproj", "{B38D6B70-B719-49DC-A680-96B9782ED092}"
EndProject
Project("{9A19103F-16F7-4668-BE54-9A1E7A4F7556}") = "Volo.CmsKit.Common.HttpApi", "modules\Volo.CmsKit\src\Volo.CmsKit.Common.HttpApi\Volo.CmsKit.Common.HttpApi.csproj", "{A6F964AB-5BFA-482C-B682-F102283F83B7}"
EndProject
Project("{9A19103F-16F7-4668-BE54-9A1E7A4F7556}") = "Volo.CmsKit.Common.Application.Contracts", "modules\Volo.CmsKit\src\Volo.CmsKit.Common.Application.Contracts\Volo.CmsKit.Common.Application.Contracts.csproj", "{E3F147A8-983C-45D4-A9A0-96ED16A312C7}"
EndProject
Project("{9A19103F-16F7-4668-BE54-9A1E7A4F7556}") = "Volo.CmsKit.Common.Application", "modules\Volo.CmsKit\src\Volo.CmsKit.Common.Application\Volo.CmsKit.Common.Application.csproj", "{CC060D63-3BC5-42D0-8BF1-09CF11BD473F}"
EndProject
Project("{9A19103F-16F7-4668-BE54-9A1E7A4F7556}") = "Volo.CmsKit.Application.Contracts", "modules\Volo.CmsKit\src\Volo.CmsKit.Application.Contracts\Volo.CmsKit.Application.Contracts.csproj", "{03B87F58-0773-4A69-8C0B-301F6AD87CEB}"
EndProject
Project("{9A19103F-16F7-4668-BE54-9A1E7A4F7556}") = "Volo.CmsKit.Application", "modules\Volo.CmsKit\src\Volo.CmsKit.Application\Volo.CmsKit.Application.csproj", "{B51F35BD-6ED3-4067-AF7A-91F7F6EF8327}"
EndProject
Project("{9A19103F-16F7-4668-BE54-9A1E7A4F7556}") = "Volo.CmsKit.Admin.Web", "modules\Volo.CmsKit\src\Volo.CmsKit.Admin.Web\Volo.CmsKit.Admin.Web.csproj", "{213D6944-CD42-4B12-B4A4-1805414D00AB}"
EndProject
Project("{9A19103F-16F7-4668-BE54-9A1E7A4F7556}") = "Volo.CmsKit.Admin.HttpApi.Client", "modules\Volo.CmsKit\src\Volo.CmsKit.Admin.HttpApi.Client\Volo.CmsKit.Admin.HttpApi.Client.csproj", "{A9A5541A-D7C4-4988-97DE-B4E122CB9805}"
EndProject
Project("{9A19103F-16F7-4668-BE54-9A1E7A4F7556}") = "Volo.CmsKit.Admin.HttpApi", "modules\Volo.CmsKit\src\Volo.CmsKit.Admin.HttpApi\Volo.CmsKit.Admin.HttpApi.csproj", "{8967B77F-E72C-4151-B0C0-11BCF676D4E0}"
EndProject
Project("{9A19103F-16F7-4668-BE54-9A1E7A4F7556}") = "Volo.CmsKit.Admin.Application.Contracts", "modules\Volo.CmsKit\src\Volo.CmsKit.Admin.Application.Contracts\Volo.CmsKit.Admin.Application.Contracts.csproj", "{54C2C70A-2FE4-4A00-9E36-C18D01E4E4D2}"
EndProject
Project("{9A19103F-16F7-4668-BE54-9A1E7A4F7556}") = "Volo.CmsKit.Admin.Application", "modules\Volo.CmsKit\src\Volo.CmsKit.Admin.Application\Volo.CmsKit.Admin.Application.csproj", "{154731AB-DE44-43F2-892D-C6B01C62C680}"
EndProject
Project("{2150E333-8FDC-42A3-9474-1A3956D46DE8}") = "Volo.CmsKit", "Volo.CmsKit", "{02623151-328D-474F-B4E6-AFD1D5E7D9F7}"
EndProject
Project("{9A19103F-16F7-4668-BE54-9A1E7A4F7556}") = "Volo.Blogging.Installer", "modules\Volo.Blogging\src\Volo.Blogging.Installer\Volo.Blogging.Installer.csproj", "{9C6FE6E5-AD1F-4045-AEE4-EF6E57B0E990}"
EndProject
Project("{9A19103F-16F7-4668-BE54-9A1E7A4F7556}") = "Volo.Blogging.HttpApi.Client", "modules\Volo.Blogging\src\Volo.Blogging.HttpApi.Client\Volo.Blogging.HttpApi.Client.csproj", "{448C1C13-6D86-406E-9B4D-8F3BC0D8B7AA}"
EndProject
Project("{9A19103F-16F7-4668-BE54-9A1E7A4F7556}") = "Volo.Blogging.HttpApi", "modules\Volo.Blogging\src\Volo.Blogging.HttpApi\Volo.Blogging.HttpApi.csproj", "{1D115467-D0A3-4C39-A296-EF8E42CBEB0B}"
EndProject
Project("{9A19103F-16F7-4668-BE54-9A1E7A4F7556}") = "Volo.Blogging.EntityFrameworkCore", "modules\Volo.Blogging\src\Volo.Blogging.EntityFrameworkCore\Volo.Blogging.EntityFrameworkCore.csproj", "{8FA684D4-8B47-4420-B2F4-3A689B516C92}"
EndProject
Project("{9A19103F-16F7-4668-BE54-9A1E7A4F7556}") = "Volo.Blogging.Domain.Shared", "modules\Volo.Blogging\src\Volo.Blogging.Domain.Shared\Volo.Blogging.Domain.Shared.csproj", "{3918C30D-3928-4B6E-A528-0EC729CAE764}"
EndProject
Project("{9A19103F-16F7-4668-BE54-9A1E7A4F7556}") = "Volo.Blogging.Domain", "modules\Volo.Blogging\src\Volo.Blogging.Domain\Volo.Blogging.Domain.csproj", "{B28261BF-E6D4-4607-82DE-AECA790212A3}"
EndProject
Project("{9A19103F-16F7-4668-BE54-9A1E7A4F7556}") = "Volo.Blogging.Application.Contracts.Shared", "modules\Volo.Blogging\src\Volo.Blogging.Application.Contracts.Shared\Volo.Blogging.Application.Contracts.Shared.csproj", "{1CF69387-1C94-4B0F-BBA0-A40AE0742004}"
EndProject
Project("{9A19103F-16F7-4668-BE54-9A1E7A4F7556}") = "Volo.Blogging.Application.Contracts", "modules\Volo.Blogging\src\Volo.Blogging.Application.Contracts\Volo.Blogging.Application.Contracts.csproj", "{C4271286-EFC2-4F3F-B4BD-689BDDE5D56F}"
EndProject
Project("{9A19103F-16F7-4668-BE54-9A1E7A4F7556}") = "Volo.Blogging.Application", "modules\Volo.Blogging\src\Volo.Blogging.Application\Volo.Blogging.Application.csproj", "{9AAFF601-8E3E-4A28-9421-A52A3852BEBE}"
EndProject
Project("{9A19103F-16F7-4668-BE54-9A1E7A4F7556}") = "Volo.Blogging.Admin.HttpApi.Client", "modules\Volo.Blogging\src\Volo.Blogging.Admin.HttpApi.Client\Volo.Blogging.Admin.HttpApi.Client.csproj", "{9E323B5D-698A-4404-93A2-99C545B89134}"
EndProject
Project("{9A19103F-16F7-4668-BE54-9A1E7A4F7556}") = "Volo.Blogging.Admin.HttpApi", "modules\Volo.Blogging\src\Volo.Blogging.Admin.HttpApi\Volo.Blogging.Admin.HttpApi.csproj", "{D18D50C7-2E7C-47F9-A529-846F24CA9C65}"
EndProject
Project("{9A19103F-16F7-4668-BE54-9A1E7A4F7556}") = "Volo.Blogging.Admin.Application.Contracts", "modules\Volo.Blogging\src\Volo.Blogging.Admin.Application.Contracts\Volo.Blogging.Admin.Application.Contracts.csproj", "{872731FC-6E4E-4D29-96EC-B48392427AEC}"
EndProject
Project("{9A19103F-16F7-4668-BE54-9A1E7A4F7556}") = "Volo.Blogging.Admin.Application", "modules\Volo.Blogging\src\Volo.Blogging.Admin.Application\Volo.Blogging.Admin.Application.csproj", "{300B5621-0C36-49F6-B0DB-118C0FA084F5}"
EndProject
Project("{2150E333-8FDC-42A3-9474-1A3956D46DE8}") = "Volo.Blogging", "Volo.Blogging", "{09A513F9-A7B8-422A-8F35-C01A2BA0EC38}"
EndProject
Project("{2150E333-8FDC-42A3-9474-1A3956D46DE8}") = "modules", "modules", "{12607996-382E-442B-8A1B-3A225145A583}"
EndProject
Project("{9A19103F-16F7-4668-BE54-9A1E7A4F7556}") = "AbpScanProject.Application", "src\AbpScanProject.Application\AbpScanProject.Application.csproj", "{1A94A50E-06DC-43C1-80B5-B662820EC3EB}"
EndProject
Project("{9A19103F-16F7-4668-BE54-9A1E7A4F7556}") = "AbpScanProject.EntityFrameworkCore", "src\AbpScanProject.EntityFrameworkCore\AbpScanProject.EntityFrameworkCore.csproj", "{C956DD76-69C8-4A9C-83EA-D17DF83340FD}"
EndProject
Project("{2150E333-8FDC-42A3-9474-1A3956D46DE8}") = "src", "src", "{CA9AC87F-097E-4F15-8393-4BC07735A5B0}"
EndProject
Project("{9A19103F-16F7-4668-BE54-9A1E7A4F7556}") = "AbpScanProject.Domain.Shared", "src\AbpScanProject.Domain.Shared\AbpScanProject.Domain.Shared.csproj", "{42F719ED-8413-4895-B5B4-5AB56079BC66}"
EndProject
Project("{9A19103F-16F7-4668-BE54-9A1E7A4F7556}") = "AbpScanProject.Application.Contracts", "src\AbpScanProject.Application.Contracts\AbpScanProject.Application.Contracts.csproj", "{520659C8-C734-4298-A3DA-B539DB9DFC0B}"
EndProject
Project("{9A19103F-16F7-4668-BE54-9A1E7A4F7556}") = "AbpScanProject.HttpApi", "src\AbpScanProject.HttpApi\AbpScanProject.HttpApi.csproj", "{4164BDF7-F527-4E85-9CE6-E3C2D7426A27}"
EndProject
Project("{9A19103F-16F7-4668-BE54-9A1E7A4F7556}") = "AbpScanProject.HttpApi.Client", "src\AbpScanProject.HttpApi.Client\AbpScanProject.HttpApi.Client.csproj", "{3B5A0094-670D-4BB1-BFDD-61B88A8773DC}"
EndProject
Project("{9A19103F-16F7-4668-BE54-9A1E7A4F7556}") = "AbpScanProject.DbMigrator", "src\AbpScanProject.DbMigrator\AbpScanProject.DbMigrator.csproj", "{70680696-BB1E-4383-BCB2-42C3767171FB}"
EndProject
Project("{9A19103F-16F7-4668-BE54-9A1E7A4F7556}") = "AbpScanProject.HttpApi.Host", "src\AbpScanProject.HttpApi.Host\AbpScanProject.HttpApi.Host.csproj", "{96E5259E-59A3-4FAF-BCD1-5BF8E74EF82C}"
EndProject
Project("{2150E333-8FDC-42A3-9474-1A3956D46DE8}") = "Tests", "Tests", "{F70CEB3B-DDDA-4D9E-B419-25CC9304BBF4}"
EndProject
Project("{9A19103F-16F7-4668-BE54-9A1E7A4F7556}") = "AbpScanProject.Application.Tests", "test\AbpScanProject.Application.Tests\AbpScanProject.Application.Tests.csproj", "{2C564305-E7B5-44FB-94B6-408E8A0CB94D}"
EndProject
Project("{9A19103F-16F7-4668-BE54-9A1E7A4F7556}") = "AbpScanProject.Domain.Tests", "test\AbpScanProject.Domain.Tests\AbpScanProject.Domain.Tests.csproj", "{61041276-FF2D-44F8-AFB7-B79DEC2951E8}"
EndProject
Project("{9A19103F-16F7-4668-BE54-9A1E7A4F7556}") = "AbpScanProject.EntityFrameworkCore.Tests", "test\AbpScanProject.EntityFrameworkCore.Tests\AbpScanProject.EntityFrameworkCore.Tests.csproj", "{3D4F1DDC-C09E-46A4-B77C-9A1533B64C3C}"
EndProject
Project("{9A19103F-16F7-4668-BE54-9A1E7A4F7556}") = "AbpScanProject.HttpApi.Client.ConsoleTestApp", "test\AbpScanProject.HttpApi.Client.ConsoleTestApp\AbpScanProject.HttpApi.Client.ConsoleTestApp.csproj", "{EEC3677E-4564-48D2-AF96-76EE65C45A94}"
EndProject
Project("{9A19103F-16F7-4668-BE54-9A1E7A4F7556}") = "AbpScanProject.TestBase", "test\AbpScanProject.TestBase\AbpScanProject.TestBase.csproj", "{18853474-590E-4CBE-8157-5800519E29C6}"
EndProject
Project("{2150E333-8FDC-42A3-9474-1A3956D46DE8}") = "Volo.Account", "Volo.Account", "{E97322CC-CE84-4B48-ABB4-87D0DE1C3350}"
EndProject
Project("{2150E333-8FDC-42A3-9474-1A3956D46DE8}") = "Volo.BlobStoring", "Volo.BlobStoring", "{803DBA0C-ADAE-46C0-AEA9-D7A6FC48B6D8}"
EndProject
Project("{9A19103F-16F7-4668-BE54-9A1E7A4F7556}") = "Volo.Abp.BlobStoring.Database.Installer", "modules\blob-storing-database\src\Volo.Abp.BlobStoring.Database.Installer\Volo.Abp.BlobStoring.Database.Installer.csproj", "{BBFDADF6-6940-4CC2-AC4D-016F9597E9CC}"
EndProject
Project("{9A19103F-16F7-4668-BE54-9A1E7A4F7556}") = "Volo.Abp.BlobStoring.Database.EntityFrameworkCore", "modules\blob-storing-database\src\Volo.Abp.BlobStoring.Database.EntityFrameworkCore\Volo.Abp.BlobStoring.Database.EntityFrameworkCore.csproj", "{05DECF88-465B-4287-BB70-7CEB9B67A4C9}"
EndProject
Project("{9A19103F-16F7-4668-BE54-9A1E7A4F7556}") = "Volo.Abp.BlobStoring.Database.Domain.Shared", "modules\blob-storing-database\src\Volo.Abp.BlobStoring.Database.Domain.Shared\Volo.Abp.BlobStoring.Database.Domain.Shared.csproj", "{CB469A7C-0094-4BEB-A060-6DEBC58F91D3}"
EndProject
Project("{9A19103F-16F7-4668-BE54-9A1E7A4F7556}") = "Volo.Abp.BlobStoring.Database.Domain", "modules\blob-storing-database\src\Volo.Abp.BlobStoring.Database.Domain\Volo.Abp.BlobStoring.Database.Domain.csproj", "{434D08D3-9338-4185-B666-0C8D705164B3}"
EndProject
Project("{9A19103F-16F7-4668-BE54-9A1E7A4F7556}") = "Volo.Abp.Account.Web.OpenIddict", "modules\account\src\Volo.Abp.Account.Web.OpenIddict\Volo.Abp.Account.Web.OpenIddict.csproj", "{228D4B27-09C3-44F6-B2C5-918CA08325A2}"
EndProject
Project("{9A19103F-16F7-4668-BE54-9A1E7A4F7556}") = "Volo.Abp.Account.Web.IdentityServer", "modules\account\src\Volo.Abp.Account.Web.IdentityServer\Volo.Abp.Account.Web.IdentityServer.csproj", "{6AF65A0F-378A-4D72-A694-C7C598C4C295}"
EndProject
Project("{9A19103F-16F7-4668-BE54-9A1E7A4F7556}") = "Volo.Abp.Account.Web", "modules\account\src\Volo.Abp.Account.Web\Volo.Abp.Account.Web.csproj", "{785F4F98-80D7-42A6-9F65-4280D5372277}"
EndProject
Project("{9A19103F-16F7-4668-BE54-9A1E7A4F7556}") = "Volo.Abp.Account.Installer", "modules\account\src\Volo.Abp.Account.Installer\Volo.Abp.Account.Installer.csproj", "{0178EE74-CAF7-4963-9792-3A3AA486BFA7}"
EndProject
Project("{9A19103F-16F7-4668-BE54-9A1E7A4F7556}") = "Volo.Abp.Account.HttpApi.Client", "modules\account\src\Volo.Abp.Account.HttpApi.Client\Volo.Abp.Account.HttpApi.Client.csproj", "{3B1FB9CC-9E2C-4A84-BB10-B5F517049555}"
EndProject
Project("{9A19103F-16F7-4668-BE54-9A1E7A4F7556}") = "Volo.Abp.Account.HttpApi", "modules\account\src\Volo.Abp.Account.HttpApi\Volo.Abp.Account.HttpApi.csproj", "{106B3CB0-D997-474F-87EE-9800C3614A85}"
EndProject
Project("{9A19103F-16F7-4668-BE54-9A1E7A4F7556}") = "Volo.Abp.Account.Application.Contracts", "modules\account\src\Volo.Abp.Account.Application.Contracts\Volo.Abp.Account.Application.Contracts.csproj", "{8B3BAC51-171A-4A77-979B-BBB7CB342597}"
EndProject
Project("{9A19103F-16F7-4668-BE54-9A1E7A4F7556}") = "Volo.Abp.Account.Application", "modules\account\src\Volo.Abp.Account.Application\Volo.Abp.Account.Application.csproj", "{CD792AB7-902E-4115-BAE6-7860EC219AB3}"
EndProject
Project("{2150E333-8FDC-42A3-9474-1A3956D46DE8}") = "Volo.Users", "Volo.Users", "{75D2C0E1-B0A2-4948-879A-B2AAE854C543}"
EndProject
Project("{9A19103F-16F7-4668-BE54-9A1E7A4F7556}") = "Volo.Abp.Users.Installer", "modules\users\src\Volo.Abp.Users.Installer\Volo.Abp.Users.Installer.csproj", "{5301B15B-9271-44A5-8556-4D3296FFBE6B}"
EndProject
Project("{9A19103F-16F7-4668-BE54-9A1E7A4F7556}") = "Volo.Abp.Users.EntityFrameworkCore", "modules\users\src\Volo.Abp.Users.EntityFrameworkCore\Volo.Abp.Users.EntityFrameworkCore.csproj", "{F4621C62-6A24-4B90-BED9-75C07D7A0047}"
EndProject
Project("{9A19103F-16F7-4668-BE54-9A1E7A4F7556}") = "Volo.Abp.Users.Domain.Shared", "modules\users\src\Volo.Abp.Users.Domain.Shared\Volo.Abp.Users.Domain.Shared.csproj", "{9169BB0C-CD1C-45FF-B214-438913E715BE}"
EndProject
Project("{9A19103F-16F7-4668-BE54-9A1E7A4F7556}") = "Volo.Abp.Users.Domain", "modules\users\src\Volo.Abp.Users.Domain\Volo.Abp.Users.Domain.csproj", "{65600530-57CA-44FF-84E8-AA6F81B3548F}"
EndProject
Project("{9A19103F-16F7-4668-BE54-9A1E7A4F7556}") = "Volo.Abp.Users.Abstractions", "modules\users\src\Volo.Abp.Users.Abstractions\Volo.Abp.Users.Abstractions.csproj", "{D85ACC65-7171-4703-8DD1-EEA09AFC8AEA}"
EndProject
Project("{2150E333-8FDC-42A3-9474-1A3956D46DE8}") = "Volo.PermissionManagement", "Volo.PermissionManagement", "{3F294B57-4254-40B8-9823-8DCA4A907CE6}"
EndProject
Project("{9A19103F-16F7-4668-BE54-9A1E7A4F7556}") = "Volo.Abp.PermissionManagement.Web", "modules\permission-management\src\Volo.Abp.PermissionManagement.Web\Volo.Abp.PermissionManagement.Web.csproj", "{6957F42F-0A7D-4F3A-BC6E-E978F0BCEEF4}"
EndProject
Project("{9A19103F-16F7-4668-BE54-9A1E7A4F7556}") = "Volo.Abp.PermissionManagement.Installer", "modules\permission-management\src\Volo.Abp.PermissionManagement.Installer\Volo.Abp.PermissionManagement.Installer.csproj", "{036D8017-89FC-423E-BB69-69C1FB3F3194}"
EndProject
Project("{9A19103F-16F7-4668-BE54-9A1E7A4F7556}") = "Volo.Abp.PermissionManagement.HttpApi.Client", "modules\permission-management\src\Volo.Abp.PermissionManagement.HttpApi.Client\Volo.Abp.PermissionManagement.HttpApi.Client.csproj", "{F342FA05-250E-4EE1-9A2F-BF5512660177}"
EndProject
Project("{9A19103F-16F7-4668-BE54-9A1E7A4F7556}") = "Volo.Abp.PermissionManagement.HttpApi", "modules\permission-management\src\Volo.Abp.PermissionManagement.HttpApi\Volo.Abp.PermissionManagement.HttpApi.csproj", "{1A4A2552-0992-441D-A196-6CD0A9321AFA}"
EndProject
Project("{9A19103F-16F7-4668-BE54-9A1E7A4F7556}") = "Volo.Abp.PermissionManagement.EntityFrameworkCore", "modules\permission-management\src\Volo.Abp.PermissionManagement.EntityFrameworkCore\Volo.Abp.PermissionManagement.EntityFrameworkCore.csproj", "{4F79EBC2-5860-45C2-942B-F054ECDFA4A0}"
EndProject
Project("{9A19103F-16F7-4668-BE54-9A1E7A4F7556}") = "Volo.Abp.PermissionManagement.Domain.Shared", "modules\permission-management\src\Volo.Abp.PermissionManagement.Domain.Shared\Volo.Abp.PermissionManagement.Domain.Shared.csproj", "{AF7C4643-225E-4A4D-B8F7-1C9B94A1C928}"
EndProject
Project("{9A19103F-16F7-4668-BE54-9A1E7A4F7556}") = "Volo.Abp.PermissionManagement.Domain", "modules\permission-management\src\Volo.Abp.PermissionManagement.Domain\Volo.Abp.PermissionManagement.Domain.csproj", "{8E99DEE0-F1FA-4456-BD0F-7F0B4FFF481C}"
EndProject
Project("{9A19103F-16F7-4668-BE54-9A1E7A4F7556}") = "Volo.Abp.PermissionManagement.Application.Contracts", "modules\permission-management\src\Volo.Abp.PermissionManagement.Application.Contracts\Volo.Abp.PermissionManagement.Application.Contracts.csproj", "{B5A698C9-2DCD-4D38-A073-090A2B7A1283}"
EndProject
Project("{9A19103F-16F7-4668-BE54-9A1E7A4F7556}") = "Volo.Abp.PermissionManagement.Application", "modules\permission-management\src\Volo.Abp.PermissionManagement.Application\Volo.Abp.PermissionManagement.Application.csproj", "{57F767C6-24FF-4DF5-A4CC-049F9AC65A1C}"
EndProject
Project("{2150E333-8FDC-42A3-9474-1A3956D46DE8}") = "Volo.Identity", "Volo.Identity", "{C84853FB-0ACB-4C46-AA7E-40949D52B1FB}"
EndProject
Project("{9A19103F-16F7-4668-BE54-9A1E7A4F7556}") = "Volo.Abp.PermissionManagement.Domain.Identity", "modules\identity\src\Volo.Abp.PermissionManagement.Domain.Identity\Volo.Abp.PermissionManagement.Domain.Identity.csproj", "{72840039-9F27-48FF-AD66-02110ABB1394}"
EndProject
Project("{9A19103F-16F7-4668-BE54-9A1E7A4F7556}") = "Volo.Abp.Identity.Web", "modules\identity\src\Volo.Abp.Identity.Web\Volo.Abp.Identity.Web.csproj", "{43F0E73F-ED8C-4CF2-A4EA-E15F53942814}"
EndProject
Project("{9A19103F-16F7-4668-BE54-9A1E7A4F7556}") = "Volo.Abp.Identity.Installer", "modules\identity\src\Volo.Abp.Identity.Installer\Volo.Abp.Identity.Installer.csproj", "{7BF5B593-687F-4A83-975E-23CE866451BE}"
EndProject
Project("{9A19103F-16F7-4668-BE54-9A1E7A4F7556}") = "Volo.Abp.Identity.HttpApi.Client", "modules\identity\src\Volo.Abp.Identity.HttpApi.Client\Volo.Abp.Identity.HttpApi.Client.csproj", "{40C735EC-6EB3-491B-B8EF-6158FC230CD7}"
EndProject
Project("{9A19103F-16F7-4668-BE54-9A1E7A4F7556}") = "Volo.Abp.Identity.HttpApi", "modules\identity\src\Volo.Abp.Identity.HttpApi\Volo.Abp.Identity.HttpApi.csproj", "{A5B8177A-651A-43C5-A570-618F61475A68}"
EndProject
Project("{9A19103F-16F7-4668-BE54-9A1E7A4F7556}") = "Volo.Abp.Identity.EntityFrameworkCore", "modules\identity\src\Volo.Abp.Identity.EntityFrameworkCore\Volo.Abp.Identity.EntityFrameworkCore.csproj", "{F5CA195E-8998-4512-B715-4D1DCB139BC2}"
EndProject
Project("{9A19103F-16F7-4668-BE54-9A1E7A4F7556}") = "Volo.Abp.Identity.Domain.Shared", "modules\identity\src\Volo.Abp.Identity.Domain.Shared\Volo.Abp.Identity.Domain.Shared.csproj", "{62608833-7908-4A2B-B0E3-E4A0E3478EC6}"
EndProject
Project("{9A19103F-16F7-4668-BE54-9A1E7A4F7556}") = "Volo.Abp.Identity.Domain", "modules\identity\src\Volo.Abp.Identity.Domain\Volo.Abp.Identity.Domain.csproj", "{27CB8451-63C6-40E8-8FCE-51920CD1F042}"
EndProject
Project("{9A19103F-16F7-4668-BE54-9A1E7A4F7556}") = "Volo.Abp.Identity.AspNetCore", "modules\identity\src\Volo.Abp.Identity.AspNetCore\Volo.Abp.Identity.AspNetCore.csproj", "{0E77D1F1-4098-46D3-9479-4D15B23523BD}"
EndProject
Project("{9A19103F-16F7-4668-BE54-9A1E7A4F7556}") = "Volo.Abp.Identity.Application.Contracts", "modules\identity\src\Volo.Abp.Identity.Application.Contracts\Volo.Abp.Identity.Application.Contracts.csproj", "{D027720F-DC74-4D9C-BEA3-1AEBB96FB368}"
EndProject
Project("{9A19103F-16F7-4668-BE54-9A1E7A4F7556}") = "Volo.Abp.Identity.Application", "modules\identity\src\Volo.Abp.Identity.Application\Volo.Abp.Identity.Application.csproj", "{B717054A-CAEB-4CDB-9CA9-C596B4C0BB73}"
EndProject
Project("{2150E333-8FDC-42A3-9474-1A3956D46DE8}") = "Volo.Openiddict", "Volo.Openiddict", "{CD93C2C5-FF8A-4822-A115-7833708917EB}"
EndProject
Project("{9A19103F-16F7-4668-BE54-9A1E7A4F7556}") = "Volo.Abp.PermissionManagement.Domain.OpenIddict", "modules\openiddict\src\Volo.Abp.PermissionManagement.Domain.OpenIddict\Volo.Abp.PermissionManagement.Domain.OpenIddict.csproj", "{B9B6514D-1CBD-407B-A554-BC2189E85BF1}"
EndProject
Project("{9A19103F-16F7-4668-BE54-9A1E7A4F7556}") = "Volo.Abp.OpenIddict.Installer", "modules\openiddict\src\Volo.Abp.OpenIddict.Installer\Volo.Abp.OpenIddict.Installer.csproj", "{21856105-9B38-4581-BB2A-D469F9A4D63F}"
EndProject
Project("{9A19103F-16F7-4668-BE54-9A1E7A4F7556}") = "Volo.Abp.OpenIddict.EntityFrameworkCore", "modules\openiddict\src\Volo.Abp.OpenIddict.EntityFrameworkCore\Volo.Abp.OpenIddict.EntityFrameworkCore.csproj", "{0CC5EF63-8CCE-44EF-A0EF-CA7673F8262A}"
EndProject
Project("{9A19103F-16F7-4668-BE54-9A1E7A4F7556}") = "Volo.Abp.OpenIddict.Domain.Shared", "modules\openiddict\src\Volo.Abp.OpenIddict.Domain.Shared\Volo.Abp.OpenIddict.Domain.Shared.csproj", "{33265F86-4185-484C-93EA-D8335B6DD9E6}"
EndProject
Project("{9A19103F-16F7-4668-BE54-9A1E7A4F7556}") = "Volo.Abp.OpenIddict.Domain", "modules\openiddict\src\Volo.Abp.OpenIddict.Domain\Volo.Abp.OpenIddict.Domain.csproj", "{C74BE7E9-61CB-4C41-82C9-C98ACBDBA482}"
EndProject
Project("{9A19103F-16F7-4668-BE54-9A1E7A4F7556}") = "Volo.Abp.OpenIddict.AspNetCore", "modules\openiddict\src\Volo.Abp.OpenIddict.AspNetCore\Volo.Abp.OpenIddict.AspNetCore.csproj", "{F32382F0-C99E-43FD-BDB6-87E6A458CD8B}"
EndProject
Global
	GlobalSection(SolutionConfigurationPlatforms) = preSolution
		Debug|Any CPU = Debug|Any CPU
		Release|Any CPU = Release|Any CPU
	EndGlobalSection
	GlobalSection(ProjectConfigurationPlatforms) = postSolution
		{554AD327-6DBA-4F8F-96F8-81CE7A0C863F}.Debug|Any CPU.ActiveCfg = Debug|Any CPU
		{554AD327-6DBA-4F8F-96F8-81CE7A0C863F}.Debug|Any CPU.Build.0 = Debug|Any CPU
		{554AD327-6DBA-4F8F-96F8-81CE7A0C863F}.Release|Any CPU.ActiveCfg = Release|Any CPU
		{554AD327-6DBA-4F8F-96F8-81CE7A0C863F}.Release|Any CPU.Build.0 = Release|Any CPU
		{FFBDAAD5-6C10-4376-B961-37B3C214E9EC}.Debug|Any CPU.ActiveCfg = Debug|Any CPU
		{FFBDAAD5-6C10-4376-B961-37B3C214E9EC}.Debug|Any CPU.Build.0 = Debug|Any CPU
		{FFBDAAD5-6C10-4376-B961-37B3C214E9EC}.Release|Any CPU.ActiveCfg = Release|Any CPU
		{FFBDAAD5-6C10-4376-B961-37B3C214E9EC}.Release|Any CPU.Build.0 = Release|Any CPU
		{ED88E5B9-1547-4845-A31C-5153487E6787}.Debug|Any CPU.ActiveCfg = Debug|Any CPU
		{ED88E5B9-1547-4845-A31C-5153487E6787}.Debug|Any CPU.Build.0 = Debug|Any CPU
		{ED88E5B9-1547-4845-A31C-5153487E6787}.Release|Any CPU.ActiveCfg = Release|Any CPU
		{ED88E5B9-1547-4845-A31C-5153487E6787}.Release|Any CPU.Build.0 = Release|Any CPU
		{DF2A2C44-2E84-4AC9-A30B-6A7A2CD0AAF8}.Debug|Any CPU.ActiveCfg = Debug|Any CPU
		{DF2A2C44-2E84-4AC9-A30B-6A7A2CD0AAF8}.Debug|Any CPU.Build.0 = Debug|Any CPU
		{DF2A2C44-2E84-4AC9-A30B-6A7A2CD0AAF8}.Release|Any CPU.ActiveCfg = Release|Any CPU
		{DF2A2C44-2E84-4AC9-A30B-6A7A2CD0AAF8}.Release|Any CPU.Build.0 = Release|Any CPU
		{B2C1DED4-2D3B-49BA-8413-43EBE639BD77}.Debug|Any CPU.ActiveCfg = Debug|Any CPU
		{B2C1DED4-2D3B-49BA-8413-43EBE639BD77}.Debug|Any CPU.Build.0 = Debug|Any CPU
		{B2C1DED4-2D3B-49BA-8413-43EBE639BD77}.Release|Any CPU.ActiveCfg = Release|Any CPU
		{B2C1DED4-2D3B-49BA-8413-43EBE639BD77}.Release|Any CPU.Build.0 = Release|Any CPU
		{381DC3B2-E6F8-437C-A62B-4A44D2742276}.Debug|Any CPU.ActiveCfg = Debug|Any CPU
		{381DC3B2-E6F8-437C-A62B-4A44D2742276}.Debug|Any CPU.Build.0 = Debug|Any CPU
		{381DC3B2-E6F8-437C-A62B-4A44D2742276}.Release|Any CPU.ActiveCfg = Release|Any CPU
		{381DC3B2-E6F8-437C-A62B-4A44D2742276}.Release|Any CPU.Build.0 = Release|Any CPU
		{6454459F-E796-488C-82F1-A7CF3C30D453}.Debug|Any CPU.ActiveCfg = Debug|Any CPU
		{6454459F-E796-488C-82F1-A7CF3C30D453}.Debug|Any CPU.Build.0 = Debug|Any CPU
		{6454459F-E796-488C-82F1-A7CF3C30D453}.Release|Any CPU.ActiveCfg = Release|Any CPU
		{6454459F-E796-488C-82F1-A7CF3C30D453}.Release|Any CPU.Build.0 = Release|Any CPU
		{EAFC20B5-1655-4758-8802-9C3E439AFEB5}.Debug|Any CPU.ActiveCfg = Debug|Any CPU
		{EAFC20B5-1655-4758-8802-9C3E439AFEB5}.Debug|Any CPU.Build.0 = Debug|Any CPU
		{EAFC20B5-1655-4758-8802-9C3E439AFEB5}.Release|Any CPU.ActiveCfg = Release|Any CPU
		{EAFC20B5-1655-4758-8802-9C3E439AFEB5}.Release|Any CPU.Build.0 = Release|Any CPU
		{60AAA3A1-34EA-47E8-AC18-0137E8951167}.Debug|Any CPU.ActiveCfg = Debug|Any CPU
		{60AAA3A1-34EA-47E8-AC18-0137E8951167}.Debug|Any CPU.Build.0 = Debug|Any CPU
		{60AAA3A1-34EA-47E8-AC18-0137E8951167}.Release|Any CPU.ActiveCfg = Release|Any CPU
		{60AAA3A1-34EA-47E8-AC18-0137E8951167}.Release|Any CPU.Build.0 = Release|Any CPU
		{6BEF5185-4670-4BCF-A7FD-8B49CD7F159B}.Debug|Any CPU.ActiveCfg = Debug|Any CPU
		{6BEF5185-4670-4BCF-A7FD-8B49CD7F159B}.Debug|Any CPU.Build.0 = Debug|Any CPU
		{6BEF5185-4670-4BCF-A7FD-8B49CD7F159B}.Release|Any CPU.ActiveCfg = Release|Any CPU
		{6BEF5185-4670-4BCF-A7FD-8B49CD7F159B}.Release|Any CPU.Build.0 = Release|Any CPU
		{B67DA1F5-A4E8-4C0D-8A2B-E3F9C5772C6B}.Debug|Any CPU.ActiveCfg = Debug|Any CPU
		{B67DA1F5-A4E8-4C0D-8A2B-E3F9C5772C6B}.Debug|Any CPU.Build.0 = Debug|Any CPU
		{B67DA1F5-A4E8-4C0D-8A2B-E3F9C5772C6B}.Release|Any CPU.ActiveCfg = Release|Any CPU
		{B67DA1F5-A4E8-4C0D-8A2B-E3F9C5772C6B}.Release|Any CPU.Build.0 = Release|Any CPU
		{3D067007-FDE8-4B00-929A-63D13D6EF409}.Debug|Any CPU.ActiveCfg = Debug|Any CPU
		{3D067007-FDE8-4B00-929A-63D13D6EF409}.Debug|Any CPU.Build.0 = Debug|Any CPU
		{3D067007-FDE8-4B00-929A-63D13D6EF409}.Release|Any CPU.ActiveCfg = Release|Any CPU
		{3D067007-FDE8-4B00-929A-63D13D6EF409}.Release|Any CPU.Build.0 = Release|Any CPU
		{E45A9653-39B6-46CF-A0CF-D2987781A7A2}.Debug|Any CPU.ActiveCfg = Debug|Any CPU
		{E45A9653-39B6-46CF-A0CF-D2987781A7A2}.Debug|Any CPU.Build.0 = Debug|Any CPU
		{E45A9653-39B6-46CF-A0CF-D2987781A7A2}.Release|Any CPU.ActiveCfg = Release|Any CPU
		{E45A9653-39B6-46CF-A0CF-D2987781A7A2}.Release|Any CPU.Build.0 = Release|Any CPU
		{3203DF96-69BB-4748-9698-9A4D071003E6}.Debug|Any CPU.ActiveCfg = Debug|Any CPU
		{3203DF96-69BB-4748-9698-9A4D071003E6}.Debug|Any CPU.Build.0 = Debug|Any CPU
		{3203DF96-69BB-4748-9698-9A4D071003E6}.Release|Any CPU.ActiveCfg = Release|Any CPU
		{3203DF96-69BB-4748-9698-9A4D071003E6}.Release|Any CPU.Build.0 = Release|Any CPU
		{18C1B664-CB5E-4419-9EA7-0D0C3D52732C}.Debug|Any CPU.ActiveCfg = Debug|Any CPU
		{18C1B664-CB5E-4419-9EA7-0D0C3D52732C}.Debug|Any CPU.Build.0 = Debug|Any CPU
		{18C1B664-CB5E-4419-9EA7-0D0C3D52732C}.Release|Any CPU.ActiveCfg = Release|Any CPU
		{18C1B664-CB5E-4419-9EA7-0D0C3D52732C}.Release|Any CPU.Build.0 = Release|Any CPU
		{E955326C-C3F1-4EEC-B0CB-3F8AB99259F2}.Debug|Any CPU.ActiveCfg = Debug|Any CPU
		{E955326C-C3F1-4EEC-B0CB-3F8AB99259F2}.Debug|Any CPU.Build.0 = Debug|Any CPU
		{E955326C-C3F1-4EEC-B0CB-3F8AB99259F2}.Release|Any CPU.ActiveCfg = Release|Any CPU
		{E955326C-C3F1-4EEC-B0CB-3F8AB99259F2}.Release|Any CPU.Build.0 = Release|Any CPU
		{E9E9CC4D-ACC7-461A-BCC3-C2FE669754F7}.Debug|Any CPU.ActiveCfg = Debug|Any CPU
		{E9E9CC4D-ACC7-461A-BCC3-C2FE669754F7}.Debug|Any CPU.Build.0 = Debug|Any CPU
		{E9E9CC4D-ACC7-461A-BCC3-C2FE669754F7}.Release|Any CPU.ActiveCfg = Release|Any CPU
		{E9E9CC4D-ACC7-461A-BCC3-C2FE669754F7}.Release|Any CPU.Build.0 = Release|Any CPU
		{C8865FBC-F19A-49BB-AB73-17A67F283EDE}.Debug|Any CPU.ActiveCfg = Debug|Any CPU
		{C8865FBC-F19A-49BB-AB73-17A67F283EDE}.Debug|Any CPU.Build.0 = Debug|Any CPU
		{C8865FBC-F19A-49BB-AB73-17A67F283EDE}.Release|Any CPU.ActiveCfg = Release|Any CPU
		{C8865FBC-F19A-49BB-AB73-17A67F283EDE}.Release|Any CPU.Build.0 = Release|Any CPU
		{17F1E4AE-452D-469A-BF1C-D9EB07D79B98}.Debug|Any CPU.ActiveCfg = Debug|Any CPU
		{17F1E4AE-452D-469A-BF1C-D9EB07D79B98}.Debug|Any CPU.Build.0 = Debug|Any CPU
		{17F1E4AE-452D-469A-BF1C-D9EB07D79B98}.Release|Any CPU.ActiveCfg = Release|Any CPU
		{17F1E4AE-452D-469A-BF1C-D9EB07D79B98}.Release|Any CPU.Build.0 = Release|Any CPU
		{9CDE32D2-423A-4D35-8D3B-A79CE0CCD368}.Debug|Any CPU.ActiveCfg = Debug|Any CPU
		{9CDE32D2-423A-4D35-8D3B-A79CE0CCD368}.Debug|Any CPU.Build.0 = Debug|Any CPU
		{9CDE32D2-423A-4D35-8D3B-A79CE0CCD368}.Release|Any CPU.ActiveCfg = Release|Any CPU
		{9CDE32D2-423A-4D35-8D3B-A79CE0CCD368}.Release|Any CPU.Build.0 = Release|Any CPU
		{4B3684A0-3E49-4A15-9068-89AC6B24A512}.Debug|Any CPU.ActiveCfg = Debug|Any CPU
		{4B3684A0-3E49-4A15-9068-89AC6B24A512}.Debug|Any CPU.Build.0 = Debug|Any CPU
		{4B3684A0-3E49-4A15-9068-89AC6B24A512}.Release|Any CPU.ActiveCfg = Release|Any CPU
		{4B3684A0-3E49-4A15-9068-89AC6B24A512}.Release|Any CPU.Build.0 = Release|Any CPU
		{A7DADE78-9D90-4C1C-861C-C1A6BE1A3FAB}.Debug|Any CPU.ActiveCfg = Debug|Any CPU
		{A7DADE78-9D90-4C1C-861C-C1A6BE1A3FAB}.Debug|Any CPU.Build.0 = Debug|Any CPU
		{A7DADE78-9D90-4C1C-861C-C1A6BE1A3FAB}.Release|Any CPU.ActiveCfg = Release|Any CPU
		{A7DADE78-9D90-4C1C-861C-C1A6BE1A3FAB}.Release|Any CPU.Build.0 = Release|Any CPU
		{C542671E-8CB0-438E-B7B7-F86541EE1F91}.Debug|Any CPU.ActiveCfg = Debug|Any CPU
		{C542671E-8CB0-438E-B7B7-F86541EE1F91}.Debug|Any CPU.Build.0 = Debug|Any CPU
		{C542671E-8CB0-438E-B7B7-F86541EE1F91}.Release|Any CPU.ActiveCfg = Release|Any CPU
		{C542671E-8CB0-438E-B7B7-F86541EE1F91}.Release|Any CPU.Build.0 = Release|Any CPU
		{DA6A9E2D-85C6-4B9D-AB01-F81293DA9C55}.Debug|Any CPU.ActiveCfg = Debug|Any CPU
		{DA6A9E2D-85C6-4B9D-AB01-F81293DA9C55}.Debug|Any CPU.Build.0 = Debug|Any CPU
		{DA6A9E2D-85C6-4B9D-AB01-F81293DA9C55}.Release|Any CPU.ActiveCfg = Release|Any CPU
		{DA6A9E2D-85C6-4B9D-AB01-F81293DA9C55}.Release|Any CPU.Build.0 = Release|Any CPU
		{9B4C4308-63B2-460B-A6DE-7094CFF6E9F5}.Debug|Any CPU.ActiveCfg = Debug|Any CPU
		{9B4C4308-63B2-460B-A6DE-7094CFF6E9F5}.Debug|Any CPU.Build.0 = Debug|Any CPU
		{9B4C4308-63B2-460B-A6DE-7094CFF6E9F5}.Release|Any CPU.ActiveCfg = Release|Any CPU
		{9B4C4308-63B2-460B-A6DE-7094CFF6E9F5}.Release|Any CPU.Build.0 = Release|Any CPU
		{F2817165-B16E-4A31-A801-B8AB106BD387}.Debug|Any CPU.ActiveCfg = Debug|Any CPU
		{F2817165-B16E-4A31-A801-B8AB106BD387}.Debug|Any CPU.Build.0 = Debug|Any CPU
		{F2817165-B16E-4A31-A801-B8AB106BD387}.Release|Any CPU.ActiveCfg = Release|Any CPU
		{F2817165-B16E-4A31-A801-B8AB106BD387}.Release|Any CPU.Build.0 = Release|Any CPU
		{2EE1997B-091A-4324-AB21-3C333EB51531}.Debug|Any CPU.ActiveCfg = Debug|Any CPU
		{2EE1997B-091A-4324-AB21-3C333EB51531}.Debug|Any CPU.Build.0 = Debug|Any CPU
		{2EE1997B-091A-4324-AB21-3C333EB51531}.Release|Any CPU.ActiveCfg = Release|Any CPU
		{2EE1997B-091A-4324-AB21-3C333EB51531}.Release|Any CPU.Build.0 = Release|Any CPU
		{594B8BD3-17EC-4F3E-AFA1-E2D70A2A881A}.Debug|Any CPU.ActiveCfg = Debug|Any CPU
		{594B8BD3-17EC-4F3E-AFA1-E2D70A2A881A}.Debug|Any CPU.Build.0 = Debug|Any CPU
		{594B8BD3-17EC-4F3E-AFA1-E2D70A2A881A}.Release|Any CPU.ActiveCfg = Release|Any CPU
		{594B8BD3-17EC-4F3E-AFA1-E2D70A2A881A}.Release|Any CPU.Build.0 = Release|Any CPU
		{A7536D65-1580-4A44-8DF4-CE88701C6DFB}.Debug|Any CPU.ActiveCfg = Debug|Any CPU
		{A7536D65-1580-4A44-8DF4-CE88701C6DFB}.Debug|Any CPU.Build.0 = Debug|Any CPU
		{A7536D65-1580-4A44-8DF4-CE88701C6DFB}.Release|Any CPU.ActiveCfg = Release|Any CPU
		{A7536D65-1580-4A44-8DF4-CE88701C6DFB}.Release|Any CPU.Build.0 = Release|Any CPU
		{389D8BE2-7997-405E-9249-30EA0A458A3E}.Debug|Any CPU.ActiveCfg = Debug|Any CPU
		{389D8BE2-7997-405E-9249-30EA0A458A3E}.Debug|Any CPU.Build.0 = Debug|Any CPU
		{389D8BE2-7997-405E-9249-30EA0A458A3E}.Release|Any CPU.ActiveCfg = Release|Any CPU
		{389D8BE2-7997-405E-9249-30EA0A458A3E}.Release|Any CPU.Build.0 = Release|Any CPU
		{55250973-AD5A-4E49-84EA-803BBD84D3C3}.Debug|Any CPU.ActiveCfg = Debug|Any CPU
		{55250973-AD5A-4E49-84EA-803BBD84D3C3}.Debug|Any CPU.Build.0 = Debug|Any CPU
		{55250973-AD5A-4E49-84EA-803BBD84D3C3}.Release|Any CPU.ActiveCfg = Release|Any CPU
		{55250973-AD5A-4E49-84EA-803BBD84D3C3}.Release|Any CPU.Build.0 = Release|Any CPU
		{F2DB9A42-7836-41F6-B82C-032EEAA3E7B3}.Debug|Any CPU.ActiveCfg = Debug|Any CPU
		{F2DB9A42-7836-41F6-B82C-032EEAA3E7B3}.Debug|Any CPU.Build.0 = Debug|Any CPU
		{F2DB9A42-7836-41F6-B82C-032EEAA3E7B3}.Release|Any CPU.ActiveCfg = Release|Any CPU
		{F2DB9A42-7836-41F6-B82C-032EEAA3E7B3}.Release|Any CPU.Build.0 = Release|Any CPU
		{8F925E71-3E54-48A6-ACDD-9569B5F8F977}.Debug|Any CPU.ActiveCfg = Debug|Any CPU
		{8F925E71-3E54-48A6-ACDD-9569B5F8F977}.Debug|Any CPU.Build.0 = Debug|Any CPU
		{8F925E71-3E54-48A6-ACDD-9569B5F8F977}.Release|Any CPU.ActiveCfg = Release|Any CPU
		{8F925E71-3E54-48A6-ACDD-9569B5F8F977}.Release|Any CPU.Build.0 = Release|Any CPU
		{05FC332C-25FB-4C13-B152-FCE34EA8ADD5}.Debug|Any CPU.ActiveCfg = Debug|Any CPU
		{05FC332C-25FB-4C13-B152-FCE34EA8ADD5}.Debug|Any CPU.Build.0 = Debug|Any CPU
		{05FC332C-25FB-4C13-B152-FCE34EA8ADD5}.Release|Any CPU.ActiveCfg = Release|Any CPU
		{05FC332C-25FB-4C13-B152-FCE34EA8ADD5}.Release|Any CPU.Build.0 = Release|Any CPU
		{987A6423-84F7-4FFC-8227-E9638CC91FC4}.Debug|Any CPU.ActiveCfg = Debug|Any CPU
		{987A6423-84F7-4FFC-8227-E9638CC91FC4}.Debug|Any CPU.Build.0 = Debug|Any CPU
		{987A6423-84F7-4FFC-8227-E9638CC91FC4}.Release|Any CPU.ActiveCfg = Release|Any CPU
		{987A6423-84F7-4FFC-8227-E9638CC91FC4}.Release|Any CPU.Build.0 = Release|Any CPU
		{6EDEAB9E-1136-419B-8BBB-8F13FA34F72A}.Debug|Any CPU.ActiveCfg = Debug|Any CPU
		{6EDEAB9E-1136-419B-8BBB-8F13FA34F72A}.Debug|Any CPU.Build.0 = Debug|Any CPU
		{6EDEAB9E-1136-419B-8BBB-8F13FA34F72A}.Release|Any CPU.ActiveCfg = Release|Any CPU
		{6EDEAB9E-1136-419B-8BBB-8F13FA34F72A}.Release|Any CPU.Build.0 = Release|Any CPU
		{6BCFCBFA-9FE0-418D-A999-D14C64239565}.Debug|Any CPU.ActiveCfg = Debug|Any CPU
		{6BCFCBFA-9FE0-418D-A999-D14C64239565}.Debug|Any CPU.Build.0 = Debug|Any CPU
		{6BCFCBFA-9FE0-418D-A999-D14C64239565}.Release|Any CPU.ActiveCfg = Release|Any CPU
		{6BCFCBFA-9FE0-418D-A999-D14C64239565}.Release|Any CPU.Build.0 = Release|Any CPU
		{53F84FC2-4875-485A-AE50-23393D84F3C8}.Debug|Any CPU.ActiveCfg = Debug|Any CPU
		{53F84FC2-4875-485A-AE50-23393D84F3C8}.Debug|Any CPU.Build.0 = Debug|Any CPU
		{53F84FC2-4875-485A-AE50-23393D84F3C8}.Release|Any CPU.ActiveCfg = Release|Any CPU
		{53F84FC2-4875-485A-AE50-23393D84F3C8}.Release|Any CPU.Build.0 = Release|Any CPU
		{59796FF5-587B-4990-972F-6AA94E8F2AC2}.Debug|Any CPU.ActiveCfg = Debug|Any CPU
		{59796FF5-587B-4990-972F-6AA94E8F2AC2}.Debug|Any CPU.Build.0 = Debug|Any CPU
		{59796FF5-587B-4990-972F-6AA94E8F2AC2}.Release|Any CPU.ActiveCfg = Release|Any CPU
		{59796FF5-587B-4990-972F-6AA94E8F2AC2}.Release|Any CPU.Build.0 = Release|Any CPU
		{E6637841-6704-44B7-88A6-3B9A9CBCD4F9}.Debug|Any CPU.ActiveCfg = Debug|Any CPU
		{E6637841-6704-44B7-88A6-3B9A9CBCD4F9}.Debug|Any CPU.Build.0 = Debug|Any CPU
		{E6637841-6704-44B7-88A6-3B9A9CBCD4F9}.Release|Any CPU.ActiveCfg = Release|Any CPU
		{E6637841-6704-44B7-88A6-3B9A9CBCD4F9}.Release|Any CPU.Build.0 = Release|Any CPU
		{76C974F3-C555-4C7B-A066-656AEF016C2A}.Debug|Any CPU.ActiveCfg = Debug|Any CPU
		{76C974F3-C555-4C7B-A066-656AEF016C2A}.Debug|Any CPU.Build.0 = Debug|Any CPU
		{76C974F3-C555-4C7B-A066-656AEF016C2A}.Release|Any CPU.ActiveCfg = Release|Any CPU
		{76C974F3-C555-4C7B-A066-656AEF016C2A}.Release|Any CPU.Build.0 = Release|Any CPU
		{38BF9A96-1B55-49A3-8CD5-9B9C605D0594}.Debug|Any CPU.ActiveCfg = Debug|Any CPU
		{38BF9A96-1B55-49A3-8CD5-9B9C605D0594}.Debug|Any CPU.Build.0 = Debug|Any CPU
		{38BF9A96-1B55-49A3-8CD5-9B9C605D0594}.Release|Any CPU.ActiveCfg = Release|Any CPU
		{38BF9A96-1B55-49A3-8CD5-9B9C605D0594}.Release|Any CPU.Build.0 = Release|Any CPU
		{FE4524F4-54A4-4204-BD84-77E93DC5113B}.Debug|Any CPU.ActiveCfg = Debug|Any CPU
		{FE4524F4-54A4-4204-BD84-77E93DC5113B}.Debug|Any CPU.Build.0 = Debug|Any CPU
		{FE4524F4-54A4-4204-BD84-77E93DC5113B}.Release|Any CPU.ActiveCfg = Release|Any CPU
		{FE4524F4-54A4-4204-BD84-77E93DC5113B}.Release|Any CPU.Build.0 = Release|Any CPU
		{7323E705-0CD3-43DD-BA92-DEA60CFE31FF}.Debug|Any CPU.ActiveCfg = Debug|Any CPU
		{7323E705-0CD3-43DD-BA92-DEA60CFE31FF}.Debug|Any CPU.Build.0 = Debug|Any CPU
		{7323E705-0CD3-43DD-BA92-DEA60CFE31FF}.Release|Any CPU.ActiveCfg = Release|Any CPU
		{7323E705-0CD3-43DD-BA92-DEA60CFE31FF}.Release|Any CPU.Build.0 = Release|Any CPU
		{54C4578C-C588-4F10-9B09-7172BF7094CF}.Debug|Any CPU.ActiveCfg = Debug|Any CPU
		{54C4578C-C588-4F10-9B09-7172BF7094CF}.Debug|Any CPU.Build.0 = Debug|Any CPU
		{54C4578C-C588-4F10-9B09-7172BF7094CF}.Release|Any CPU.ActiveCfg = Release|Any CPU
		{54C4578C-C588-4F10-9B09-7172BF7094CF}.Release|Any CPU.Build.0 = Release|Any CPU
		{290955AD-6489-4407-AC39-4ACA8D25668F}.Debug|Any CPU.ActiveCfg = Debug|Any CPU
		{290955AD-6489-4407-AC39-4ACA8D25668F}.Debug|Any CPU.Build.0 = Debug|Any CPU
		{290955AD-6489-4407-AC39-4ACA8D25668F}.Release|Any CPU.ActiveCfg = Release|Any CPU
		{290955AD-6489-4407-AC39-4ACA8D25668F}.Release|Any CPU.Build.0 = Release|Any CPU
		{94BB880D-5839-44D8-A308-216325970AFF}.Debug|Any CPU.ActiveCfg = Debug|Any CPU
		{94BB880D-5839-44D8-A308-216325970AFF}.Debug|Any CPU.Build.0 = Debug|Any CPU
		{94BB880D-5839-44D8-A308-216325970AFF}.Release|Any CPU.ActiveCfg = Release|Any CPU
		{94BB880D-5839-44D8-A308-216325970AFF}.Release|Any CPU.Build.0 = Release|Any CPU
		{E89460F3-B331-4A97-8745-94E7AD3240D1}.Debug|Any CPU.ActiveCfg = Debug|Any CPU
		{E89460F3-B331-4A97-8745-94E7AD3240D1}.Debug|Any CPU.Build.0 = Debug|Any CPU
		{E89460F3-B331-4A97-8745-94E7AD3240D1}.Release|Any CPU.ActiveCfg = Release|Any CPU
		{E89460F3-B331-4A97-8745-94E7AD3240D1}.Release|Any CPU.Build.0 = Release|Any CPU
		{58D6AA24-6072-4DDD-B9DF-DAD72B96EECE}.Debug|Any CPU.ActiveCfg = Debug|Any CPU
		{58D6AA24-6072-4DDD-B9DF-DAD72B96EECE}.Debug|Any CPU.Build.0 = Debug|Any CPU
		{58D6AA24-6072-4DDD-B9DF-DAD72B96EECE}.Release|Any CPU.ActiveCfg = Release|Any CPU
		{58D6AA24-6072-4DDD-B9DF-DAD72B96EECE}.Release|Any CPU.Build.0 = Release|Any CPU
		{809F2332-E8F4-40C9-95B8-D5D11554806E}.Debug|Any CPU.ActiveCfg = Debug|Any CPU
		{809F2332-E8F4-40C9-95B8-D5D11554806E}.Debug|Any CPU.Build.0 = Debug|Any CPU
		{809F2332-E8F4-40C9-95B8-D5D11554806E}.Release|Any CPU.ActiveCfg = Release|Any CPU
		{809F2332-E8F4-40C9-95B8-D5D11554806E}.Release|Any CPU.Build.0 = Release|Any CPU
		{820062FB-4127-4A1C-89A9-A648A00957C2}.Debug|Any CPU.ActiveCfg = Debug|Any CPU
		{820062FB-4127-4A1C-89A9-A648A00957C2}.Debug|Any CPU.Build.0 = Debug|Any CPU
		{820062FB-4127-4A1C-89A9-A648A00957C2}.Release|Any CPU.ActiveCfg = Release|Any CPU
		{820062FB-4127-4A1C-89A9-A648A00957C2}.Release|Any CPU.Build.0 = Release|Any CPU
		{75745A16-8CB5-42DB-8412-656ADB2DDB45}.Debug|Any CPU.ActiveCfg = Debug|Any CPU
		{75745A16-8CB5-42DB-8412-656ADB2DDB45}.Debug|Any CPU.Build.0 = Debug|Any CPU
		{75745A16-8CB5-42DB-8412-656ADB2DDB45}.Release|Any CPU.ActiveCfg = Release|Any CPU
		{75745A16-8CB5-42DB-8412-656ADB2DDB45}.Release|Any CPU.Build.0 = Release|Any CPU
		{41A3E35A-DD5E-4B77-98EE-2A07471BE51A}.Debug|Any CPU.ActiveCfg = Debug|Any CPU
		{41A3E35A-DD5E-4B77-98EE-2A07471BE51A}.Debug|Any CPU.Build.0 = Debug|Any CPU
		{41A3E35A-DD5E-4B77-98EE-2A07471BE51A}.Release|Any CPU.ActiveCfg = Release|Any CPU
		{41A3E35A-DD5E-4B77-98EE-2A07471BE51A}.Release|Any CPU.Build.0 = Release|Any CPU
		{8CC9FFC7-DB94-485E-A1FF-CB5A582EA5CE}.Debug|Any CPU.ActiveCfg = Debug|Any CPU
		{8CC9FFC7-DB94-485E-A1FF-CB5A582EA5CE}.Debug|Any CPU.Build.0 = Debug|Any CPU
		{8CC9FFC7-DB94-485E-A1FF-CB5A582EA5CE}.Release|Any CPU.ActiveCfg = Release|Any CPU
		{8CC9FFC7-DB94-485E-A1FF-CB5A582EA5CE}.Release|Any CPU.Build.0 = Release|Any CPU
		{7EE56F96-F8EE-48C4-A116-64290EBBF92B}.Debug|Any CPU.ActiveCfg = Debug|Any CPU
		{7EE56F96-F8EE-48C4-A116-64290EBBF92B}.Debug|Any CPU.Build.0 = Debug|Any CPU
		{7EE56F96-F8EE-48C4-A116-64290EBBF92B}.Release|Any CPU.ActiveCfg = Release|Any CPU
		{7EE56F96-F8EE-48C4-A116-64290EBBF92B}.Release|Any CPU.Build.0 = Release|Any CPU
		{3ED3D486-FB53-4887-BD1F-98659C467AAB}.Debug|Any CPU.ActiveCfg = Debug|Any CPU
		{3ED3D486-FB53-4887-BD1F-98659C467AAB}.Debug|Any CPU.Build.0 = Debug|Any CPU
		{3ED3D486-FB53-4887-BD1F-98659C467AAB}.Release|Any CPU.ActiveCfg = Release|Any CPU
		{3ED3D486-FB53-4887-BD1F-98659C467AAB}.Release|Any CPU.Build.0 = Release|Any CPU
		{1103F7BC-19FD-47EE-9C70-9B9494C5394C}.Debug|Any CPU.ActiveCfg = Debug|Any CPU
		{1103F7BC-19FD-47EE-9C70-9B9494C5394C}.Debug|Any CPU.Build.0 = Debug|Any CPU
		{1103F7BC-19FD-47EE-9C70-9B9494C5394C}.Release|Any CPU.ActiveCfg = Release|Any CPU
		{1103F7BC-19FD-47EE-9C70-9B9494C5394C}.Release|Any CPU.Build.0 = Release|Any CPU
		{2FF33F25-409D-4541-9A8F-D5C33959EF91}.Debug|Any CPU.ActiveCfg = Debug|Any CPU
		{2FF33F25-409D-4541-9A8F-D5C33959EF91}.Debug|Any CPU.Build.0 = Debug|Any CPU
		{2FF33F25-409D-4541-9A8F-D5C33959EF91}.Release|Any CPU.ActiveCfg = Release|Any CPU
		{2FF33F25-409D-4541-9A8F-D5C33959EF91}.Release|Any CPU.Build.0 = Release|Any CPU
		{916B5B5A-9ED3-40BE-8F3D-FA56C72DA71A}.Debug|Any CPU.ActiveCfg = Debug|Any CPU
		{916B5B5A-9ED3-40BE-8F3D-FA56C72DA71A}.Debug|Any CPU.Build.0 = Debug|Any CPU
		{916B5B5A-9ED3-40BE-8F3D-FA56C72DA71A}.Release|Any CPU.ActiveCfg = Release|Any CPU
		{916B5B5A-9ED3-40BE-8F3D-FA56C72DA71A}.Release|Any CPU.Build.0 = Release|Any CPU
		{96E8072B-7DA9-463F-96BE-C9E575343456}.Debug|Any CPU.ActiveCfg = Debug|Any CPU
		{96E8072B-7DA9-463F-96BE-C9E575343456}.Debug|Any CPU.Build.0 = Debug|Any CPU
		{96E8072B-7DA9-463F-96BE-C9E575343456}.Release|Any CPU.ActiveCfg = Release|Any CPU
		{96E8072B-7DA9-463F-96BE-C9E575343456}.Release|Any CPU.Build.0 = Release|Any CPU
		{A114B9A5-3465-435E-86B5-936E4A7D73C2}.Debug|Any CPU.ActiveCfg = Debug|Any CPU
		{A114B9A5-3465-435E-86B5-936E4A7D73C2}.Debug|Any CPU.Build.0 = Debug|Any CPU
		{A114B9A5-3465-435E-86B5-936E4A7D73C2}.Release|Any CPU.ActiveCfg = Release|Any CPU
		{A114B9A5-3465-435E-86B5-936E4A7D73C2}.Release|Any CPU.Build.0 = Release|Any CPU
		{670C7842-2B8D-42BE-A2D9-E2E6D890BAA0}.Debug|Any CPU.ActiveCfg = Debug|Any CPU
		{670C7842-2B8D-42BE-A2D9-E2E6D890BAA0}.Debug|Any CPU.Build.0 = Debug|Any CPU
		{670C7842-2B8D-42BE-A2D9-E2E6D890BAA0}.Release|Any CPU.ActiveCfg = Release|Any CPU
		{670C7842-2B8D-42BE-A2D9-E2E6D890BAA0}.Release|Any CPU.Build.0 = Release|Any CPU
		{B38D6B70-B719-49DC-A680-96B9782ED092}.Debug|Any CPU.ActiveCfg = Debug|Any CPU
		{B38D6B70-B719-49DC-A680-96B9782ED092}.Debug|Any CPU.Build.0 = Debug|Any CPU
		{B38D6B70-B719-49DC-A680-96B9782ED092}.Release|Any CPU.ActiveCfg = Release|Any CPU
		{B38D6B70-B719-49DC-A680-96B9782ED092}.Release|Any CPU.Build.0 = Release|Any CPU
		{A6F964AB-5BFA-482C-B682-F102283F83B7}.Debug|Any CPU.ActiveCfg = Debug|Any CPU
		{A6F964AB-5BFA-482C-B682-F102283F83B7}.Debug|Any CPU.Build.0 = Debug|Any CPU
		{A6F964AB-5BFA-482C-B682-F102283F83B7}.Release|Any CPU.ActiveCfg = Release|Any CPU
		{A6F964AB-5BFA-482C-B682-F102283F83B7}.Release|Any CPU.Build.0 = Release|Any CPU
		{E3F147A8-983C-45D4-A9A0-96ED16A312C7}.Debug|Any CPU.ActiveCfg = Debug|Any CPU
		{E3F147A8-983C-45D4-A9A0-96ED16A312C7}.Debug|Any CPU.Build.0 = Debug|Any CPU
		{E3F147A8-983C-45D4-A9A0-96ED16A312C7}.Release|Any CPU.ActiveCfg = Release|Any CPU
		{E3F147A8-983C-45D4-A9A0-96ED16A312C7}.Release|Any CPU.Build.0 = Release|Any CPU
		{CC060D63-3BC5-42D0-8BF1-09CF11BD473F}.Debug|Any CPU.ActiveCfg = Debug|Any CPU
		{CC060D63-3BC5-42D0-8BF1-09CF11BD473F}.Debug|Any CPU.Build.0 = Debug|Any CPU
		{CC060D63-3BC5-42D0-8BF1-09CF11BD473F}.Release|Any CPU.ActiveCfg = Release|Any CPU
		{CC060D63-3BC5-42D0-8BF1-09CF11BD473F}.Release|Any CPU.Build.0 = Release|Any CPU
		{03B87F58-0773-4A69-8C0B-301F6AD87CEB}.Debug|Any CPU.ActiveCfg = Debug|Any CPU
		{03B87F58-0773-4A69-8C0B-301F6AD87CEB}.Debug|Any CPU.Build.0 = Debug|Any CPU
		{03B87F58-0773-4A69-8C0B-301F6AD87CEB}.Release|Any CPU.ActiveCfg = Release|Any CPU
		{03B87F58-0773-4A69-8C0B-301F6AD87CEB}.Release|Any CPU.Build.0 = Release|Any CPU
		{B51F35BD-6ED3-4067-AF7A-91F7F6EF8327}.Debug|Any CPU.ActiveCfg = Debug|Any CPU
		{B51F35BD-6ED3-4067-AF7A-91F7F6EF8327}.Debug|Any CPU.Build.0 = Debug|Any CPU
		{B51F35BD-6ED3-4067-AF7A-91F7F6EF8327}.Release|Any CPU.ActiveCfg = Release|Any CPU
		{B51F35BD-6ED3-4067-AF7A-91F7F6EF8327}.Release|Any CPU.Build.0 = Release|Any CPU
		{213D6944-CD42-4B12-B4A4-1805414D00AB}.Debug|Any CPU.ActiveCfg = Debug|Any CPU
		{213D6944-CD42-4B12-B4A4-1805414D00AB}.Debug|Any CPU.Build.0 = Debug|Any CPU
		{213D6944-CD42-4B12-B4A4-1805414D00AB}.Release|Any CPU.ActiveCfg = Release|Any CPU
		{213D6944-CD42-4B12-B4A4-1805414D00AB}.Release|Any CPU.Build.0 = Release|Any CPU
		{A9A5541A-D7C4-4988-97DE-B4E122CB9805}.Debug|Any CPU.ActiveCfg = Debug|Any CPU
		{A9A5541A-D7C4-4988-97DE-B4E122CB9805}.Debug|Any CPU.Build.0 = Debug|Any CPU
		{A9A5541A-D7C4-4988-97DE-B4E122CB9805}.Release|Any CPU.ActiveCfg = Release|Any CPU
		{A9A5541A-D7C4-4988-97DE-B4E122CB9805}.Release|Any CPU.Build.0 = Release|Any CPU
		{8967B77F-E72C-4151-B0C0-11BCF676D4E0}.Debug|Any CPU.ActiveCfg = Debug|Any CPU
		{8967B77F-E72C-4151-B0C0-11BCF676D4E0}.Debug|Any CPU.Build.0 = Debug|Any CPU
		{8967B77F-E72C-4151-B0C0-11BCF676D4E0}.Release|Any CPU.ActiveCfg = Release|Any CPU
		{8967B77F-E72C-4151-B0C0-11BCF676D4E0}.Release|Any CPU.Build.0 = Release|Any CPU
		{54C2C70A-2FE4-4A00-9E36-C18D01E4E4D2}.Debug|Any CPU.ActiveCfg = Debug|Any CPU
		{54C2C70A-2FE4-4A00-9E36-C18D01E4E4D2}.Debug|Any CPU.Build.0 = Debug|Any CPU
		{54C2C70A-2FE4-4A00-9E36-C18D01E4E4D2}.Release|Any CPU.ActiveCfg = Release|Any CPU
		{54C2C70A-2FE4-4A00-9E36-C18D01E4E4D2}.Release|Any CPU.Build.0 = Release|Any CPU
		{154731AB-DE44-43F2-892D-C6B01C62C680}.Debug|Any CPU.ActiveCfg = Debug|Any CPU
		{154731AB-DE44-43F2-892D-C6B01C62C680}.Debug|Any CPU.Build.0 = Debug|Any CPU
		{154731AB-DE44-43F2-892D-C6B01C62C680}.Release|Any CPU.ActiveCfg = Release|Any CPU
		{154731AB-DE44-43F2-892D-C6B01C62C680}.Release|Any CPU.Build.0 = Release|Any CPU
		{9C6FE6E5-AD1F-4045-AEE4-EF6E57B0E990}.Debug|Any CPU.ActiveCfg = Debug|Any CPU
		{9C6FE6E5-AD1F-4045-AEE4-EF6E57B0E990}.Debug|Any CPU.Build.0 = Debug|Any CPU
		{9C6FE6E5-AD1F-4045-AEE4-EF6E57B0E990}.Release|Any CPU.ActiveCfg = Release|Any CPU
		{9C6FE6E5-AD1F-4045-AEE4-EF6E57B0E990}.Release|Any CPU.Build.0 = Release|Any CPU
		{448C1C13-6D86-406E-9B4D-8F3BC0D8B7AA}.Debug|Any CPU.ActiveCfg = Debug|Any CPU
		{448C1C13-6D86-406E-9B4D-8F3BC0D8B7AA}.Debug|Any CPU.Build.0 = Debug|Any CPU
		{448C1C13-6D86-406E-9B4D-8F3BC0D8B7AA}.Release|Any CPU.ActiveCfg = Release|Any CPU
		{448C1C13-6D86-406E-9B4D-8F3BC0D8B7AA}.Release|Any CPU.Build.0 = Release|Any CPU
		{1D115467-D0A3-4C39-A296-EF8E42CBEB0B}.Debug|Any CPU.ActiveCfg = Debug|Any CPU
		{1D115467-D0A3-4C39-A296-EF8E42CBEB0B}.Debug|Any CPU.Build.0 = Debug|Any CPU
		{1D115467-D0A3-4C39-A296-EF8E42CBEB0B}.Release|Any CPU.ActiveCfg = Release|Any CPU
		{1D115467-D0A3-4C39-A296-EF8E42CBEB0B}.Release|Any CPU.Build.0 = Release|Any CPU
		{8FA684D4-8B47-4420-B2F4-3A689B516C92}.Debug|Any CPU.ActiveCfg = Debug|Any CPU
		{8FA684D4-8B47-4420-B2F4-3A689B516C92}.Debug|Any CPU.Build.0 = Debug|Any CPU
		{8FA684D4-8B47-4420-B2F4-3A689B516C92}.Release|Any CPU.ActiveCfg = Release|Any CPU
		{8FA684D4-8B47-4420-B2F4-3A689B516C92}.Release|Any CPU.Build.0 = Release|Any CPU
		{3918C30D-3928-4B6E-A528-0EC729CAE764}.Debug|Any CPU.ActiveCfg = Debug|Any CPU
		{3918C30D-3928-4B6E-A528-0EC729CAE764}.Debug|Any CPU.Build.0 = Debug|Any CPU
		{3918C30D-3928-4B6E-A528-0EC729CAE764}.Release|Any CPU.ActiveCfg = Release|Any CPU
		{3918C30D-3928-4B6E-A528-0EC729CAE764}.Release|Any CPU.Build.0 = Release|Any CPU
		{B28261BF-E6D4-4607-82DE-AECA790212A3}.Debug|Any CPU.ActiveCfg = Debug|Any CPU
		{B28261BF-E6D4-4607-82DE-AECA790212A3}.Debug|Any CPU.Build.0 = Debug|Any CPU
		{B28261BF-E6D4-4607-82DE-AECA790212A3}.Release|Any CPU.ActiveCfg = Release|Any CPU
		{B28261BF-E6D4-4607-82DE-AECA790212A3}.Release|Any CPU.Build.0 = Release|Any CPU
		{1CF69387-1C94-4B0F-BBA0-A40AE0742004}.Debug|Any CPU.ActiveCfg = Debug|Any CPU
		{1CF69387-1C94-4B0F-BBA0-A40AE0742004}.Debug|Any CPU.Build.0 = Debug|Any CPU
		{1CF69387-1C94-4B0F-BBA0-A40AE0742004}.Release|Any CPU.ActiveCfg = Release|Any CPU
		{1CF69387-1C94-4B0F-BBA0-A40AE0742004}.Release|Any CPU.Build.0 = Release|Any CPU
		{C4271286-EFC2-4F3F-B4BD-689BDDE5D56F}.Debug|Any CPU.ActiveCfg = Debug|Any CPU
		{C4271286-EFC2-4F3F-B4BD-689BDDE5D56F}.Debug|Any CPU.Build.0 = Debug|Any CPU
		{C4271286-EFC2-4F3F-B4BD-689BDDE5D56F}.Release|Any CPU.ActiveCfg = Release|Any CPU
		{C4271286-EFC2-4F3F-B4BD-689BDDE5D56F}.Release|Any CPU.Build.0 = Release|Any CPU
		{9AAFF601-8E3E-4A28-9421-A52A3852BEBE}.Debug|Any CPU.ActiveCfg = Debug|Any CPU
		{9AAFF601-8E3E-4A28-9421-A52A3852BEBE}.Debug|Any CPU.Build.0 = Debug|Any CPU
		{9AAFF601-8E3E-4A28-9421-A52A3852BEBE}.Release|Any CPU.ActiveCfg = Release|Any CPU
		{9AAFF601-8E3E-4A28-9421-A52A3852BEBE}.Release|Any CPU.Build.0 = Release|Any CPU
		{9E323B5D-698A-4404-93A2-99C545B89134}.Debug|Any CPU.ActiveCfg = Debug|Any CPU
		{9E323B5D-698A-4404-93A2-99C545B89134}.Debug|Any CPU.Build.0 = Debug|Any CPU
		{9E323B5D-698A-4404-93A2-99C545B89134}.Release|Any CPU.ActiveCfg = Release|Any CPU
		{9E323B5D-698A-4404-93A2-99C545B89134}.Release|Any CPU.Build.0 = Release|Any CPU
		{D18D50C7-2E7C-47F9-A529-846F24CA9C65}.Debug|Any CPU.ActiveCfg = Debug|Any CPU
		{D18D50C7-2E7C-47F9-A529-846F24CA9C65}.Debug|Any CPU.Build.0 = Debug|Any CPU
		{D18D50C7-2E7C-47F9-A529-846F24CA9C65}.Release|Any CPU.ActiveCfg = Release|Any CPU
		{D18D50C7-2E7C-47F9-A529-846F24CA9C65}.Release|Any CPU.Build.0 = Release|Any CPU
		{872731FC-6E4E-4D29-96EC-B48392427AEC}.Debug|Any CPU.ActiveCfg = Debug|Any CPU
		{872731FC-6E4E-4D29-96EC-B48392427AEC}.Debug|Any CPU.Build.0 = Debug|Any CPU
		{872731FC-6E4E-4D29-96EC-B48392427AEC}.Release|Any CPU.ActiveCfg = Release|Any CPU
		{872731FC-6E4E-4D29-96EC-B48392427AEC}.Release|Any CPU.Build.0 = Release|Any CPU
		{300B5621-0C36-49F6-B0DB-118C0FA084F5}.Debug|Any CPU.ActiveCfg = Debug|Any CPU
		{300B5621-0C36-49F6-B0DB-118C0FA084F5}.Debug|Any CPU.Build.0 = Debug|Any CPU
		{300B5621-0C36-49F6-B0DB-118C0FA084F5}.Release|Any CPU.ActiveCfg = Release|Any CPU
		{300B5621-0C36-49F6-B0DB-118C0FA084F5}.Release|Any CPU.Build.0 = Release|Any CPU
		{1A94A50E-06DC-43C1-80B5-B662820EC3EB}.Debug|Any CPU.ActiveCfg = Debug|Any CPU
		{1A94A50E-06DC-43C1-80B5-B662820EC3EB}.Debug|Any CPU.Build.0 = Debug|Any CPU
		{1A94A50E-06DC-43C1-80B5-B662820EC3EB}.Release|Any CPU.ActiveCfg = Release|Any CPU
		{1A94A50E-06DC-43C1-80B5-B662820EC3EB}.Release|Any CPU.Build.0 = Release|Any CPU
		{C956DD76-69C8-4A9C-83EA-D17DF83340FD}.Debug|Any CPU.ActiveCfg = Debug|Any CPU
		{C956DD76-69C8-4A9C-83EA-D17DF83340FD}.Debug|Any CPU.Build.0 = Debug|Any CPU
		{C956DD76-69C8-4A9C-83EA-D17DF83340FD}.Release|Any CPU.ActiveCfg = Release|Any CPU
		{C956DD76-69C8-4A9C-83EA-D17DF83340FD}.Release|Any CPU.Build.0 = Release|Any CPU
		{42F719ED-8413-4895-B5B4-5AB56079BC66}.Debug|Any CPU.ActiveCfg = Debug|Any CPU
		{42F719ED-8413-4895-B5B4-5AB56079BC66}.Debug|Any CPU.Build.0 = Debug|Any CPU
		{42F719ED-8413-4895-B5B4-5AB56079BC66}.Release|Any CPU.ActiveCfg = Release|Any CPU
		{42F719ED-8413-4895-B5B4-5AB56079BC66}.Release|Any CPU.Build.0 = Release|Any CPU
		{520659C8-C734-4298-A3DA-B539DB9DFC0B}.Debug|Any CPU.ActiveCfg = Debug|Any CPU
		{520659C8-C734-4298-A3DA-B539DB9DFC0B}.Debug|Any CPU.Build.0 = Debug|Any CPU
		{520659C8-C734-4298-A3DA-B539DB9DFC0B}.Release|Any CPU.ActiveCfg = Release|Any CPU
		{520659C8-C734-4298-A3DA-B539DB9DFC0B}.Release|Any CPU.Build.0 = Release|Any CPU
		{4164BDF7-F527-4E85-9CE6-E3C2D7426A27}.Debug|Any CPU.ActiveCfg = Debug|Any CPU
		{4164BDF7-F527-4E85-9CE6-E3C2D7426A27}.Debug|Any CPU.Build.0 = Debug|Any CPU
		{4164BDF7-F527-4E85-9CE6-E3C2D7426A27}.Release|Any CPU.ActiveCfg = Release|Any CPU
		{4164BDF7-F527-4E85-9CE6-E3C2D7426A27}.Release|Any CPU.Build.0 = Release|Any CPU
		{3B5A0094-670D-4BB1-BFDD-61B88A8773DC}.Debug|Any CPU.ActiveCfg = Debug|Any CPU
		{3B5A0094-670D-4BB1-BFDD-61B88A8773DC}.Debug|Any CPU.Build.0 = Debug|Any CPU
		{3B5A0094-670D-4BB1-BFDD-61B88A8773DC}.Release|Any CPU.ActiveCfg = Release|Any CPU
		{3B5A0094-670D-4BB1-BFDD-61B88A8773DC}.Release|Any CPU.Build.0 = Release|Any CPU
		{70680696-BB1E-4383-BCB2-42C3767171FB}.Debug|Any CPU.ActiveCfg = Debug|Any CPU
		{70680696-BB1E-4383-BCB2-42C3767171FB}.Debug|Any CPU.Build.0 = Debug|Any CPU
		{70680696-BB1E-4383-BCB2-42C3767171FB}.Release|Any CPU.ActiveCfg = Release|Any CPU
		{70680696-BB1E-4383-BCB2-42C3767171FB}.Release|Any CPU.Build.0 = Release|Any CPU
		{96E5259E-59A3-4FAF-BCD1-5BF8E74EF82C}.Debug|Any CPU.ActiveCfg = Debug|Any CPU
		{96E5259E-59A3-4FAF-BCD1-5BF8E74EF82C}.Debug|Any CPU.Build.0 = Debug|Any CPU
		{96E5259E-59A3-4FAF-BCD1-5BF8E74EF82C}.Release|Any CPU.ActiveCfg = Release|Any CPU
		{96E5259E-59A3-4FAF-BCD1-5BF8E74EF82C}.Release|Any CPU.Build.0 = Release|Any CPU
		{2C564305-E7B5-44FB-94B6-408E8A0CB94D}.Debug|Any CPU.ActiveCfg = Debug|Any CPU
		{2C564305-E7B5-44FB-94B6-408E8A0CB94D}.Debug|Any CPU.Build.0 = Debug|Any CPU
		{2C564305-E7B5-44FB-94B6-408E8A0CB94D}.Release|Any CPU.ActiveCfg = Release|Any CPU
		{2C564305-E7B5-44FB-94B6-408E8A0CB94D}.Release|Any CPU.Build.0 = Release|Any CPU
		{61041276-FF2D-44F8-AFB7-B79DEC2951E8}.Debug|Any CPU.ActiveCfg = Debug|Any CPU
		{61041276-FF2D-44F8-AFB7-B79DEC2951E8}.Debug|Any CPU.Build.0 = Debug|Any CPU
		{61041276-FF2D-44F8-AFB7-B79DEC2951E8}.Release|Any CPU.ActiveCfg = Release|Any CPU
		{61041276-FF2D-44F8-AFB7-B79DEC2951E8}.Release|Any CPU.Build.0 = Release|Any CPU
		{3D4F1DDC-C09E-46A4-B77C-9A1533B64C3C}.Debug|Any CPU.ActiveCfg = Debug|Any CPU
		{3D4F1DDC-C09E-46A4-B77C-9A1533B64C3C}.Debug|Any CPU.Build.0 = Debug|Any CPU
		{3D4F1DDC-C09E-46A4-B77C-9A1533B64C3C}.Release|Any CPU.ActiveCfg = Release|Any CPU
		{3D4F1DDC-C09E-46A4-B77C-9A1533B64C3C}.Release|Any CPU.Build.0 = Release|Any CPU
		{EEC3677E-4564-48D2-AF96-76EE65C45A94}.Debug|Any CPU.ActiveCfg = Debug|Any CPU
		{EEC3677E-4564-48D2-AF96-76EE65C45A94}.Debug|Any CPU.Build.0 = Debug|Any CPU
		{EEC3677E-4564-48D2-AF96-76EE65C45A94}.Release|Any CPU.ActiveCfg = Release|Any CPU
		{EEC3677E-4564-48D2-AF96-76EE65C45A94}.Release|Any CPU.Build.0 = Release|Any CPU
		{18853474-590E-4CBE-8157-5800519E29C6}.Debug|Any CPU.ActiveCfg = Debug|Any CPU
		{18853474-590E-4CBE-8157-5800519E29C6}.Debug|Any CPU.Build.0 = Debug|Any CPU
		{18853474-590E-4CBE-8157-5800519E29C6}.Release|Any CPU.ActiveCfg = Release|Any CPU
		{18853474-590E-4CBE-8157-5800519E29C6}.Release|Any CPU.Build.0 = Release|Any CPU
		{BBFDADF6-6940-4CC2-AC4D-016F9597E9CC}.Debug|Any CPU.ActiveCfg = Debug|Any CPU
		{BBFDADF6-6940-4CC2-AC4D-016F9597E9CC}.Debug|Any CPU.Build.0 = Debug|Any CPU
		{BBFDADF6-6940-4CC2-AC4D-016F9597E9CC}.Release|Any CPU.ActiveCfg = Release|Any CPU
		{BBFDADF6-6940-4CC2-AC4D-016F9597E9CC}.Release|Any CPU.Build.0 = Release|Any CPU
		{05DECF88-465B-4287-BB70-7CEB9B67A4C9}.Debug|Any CPU.ActiveCfg = Debug|Any CPU
		{05DECF88-465B-4287-BB70-7CEB9B67A4C9}.Debug|Any CPU.Build.0 = Debug|Any CPU
		{05DECF88-465B-4287-BB70-7CEB9B67A4C9}.Release|Any CPU.ActiveCfg = Release|Any CPU
		{05DECF88-465B-4287-BB70-7CEB9B67A4C9}.Release|Any CPU.Build.0 = Release|Any CPU
		{CB469A7C-0094-4BEB-A060-6DEBC58F91D3}.Debug|Any CPU.ActiveCfg = Debug|Any CPU
		{CB469A7C-0094-4BEB-A060-6DEBC58F91D3}.Debug|Any CPU.Build.0 = Debug|Any CPU
		{CB469A7C-0094-4BEB-A060-6DEBC58F91D3}.Release|Any CPU.ActiveCfg = Release|Any CPU
		{CB469A7C-0094-4BEB-A060-6DEBC58F91D3}.Release|Any CPU.Build.0 = Release|Any CPU
		{434D08D3-9338-4185-B666-0C8D705164B3}.Debug|Any CPU.ActiveCfg = Debug|Any CPU
		{434D08D3-9338-4185-B666-0C8D705164B3}.Debug|Any CPU.Build.0 = Debug|Any CPU
		{434D08D3-9338-4185-B666-0C8D705164B3}.Release|Any CPU.ActiveCfg = Release|Any CPU
		{434D08D3-9338-4185-B666-0C8D705164B3}.Release|Any CPU.Build.0 = Release|Any CPU
		{228D4B27-09C3-44F6-B2C5-918CA08325A2}.Debug|Any CPU.ActiveCfg = Debug|Any CPU
		{228D4B27-09C3-44F6-B2C5-918CA08325A2}.Debug|Any CPU.Build.0 = Debug|Any CPU
		{228D4B27-09C3-44F6-B2C5-918CA08325A2}.Release|Any CPU.ActiveCfg = Release|Any CPU
		{228D4B27-09C3-44F6-B2C5-918CA08325A2}.Release|Any CPU.Build.0 = Release|Any CPU
		{6AF65A0F-378A-4D72-A694-C7C598C4C295}.Debug|Any CPU.ActiveCfg = Debug|Any CPU
		{6AF65A0F-378A-4D72-A694-C7C598C4C295}.Debug|Any CPU.Build.0 = Debug|Any CPU
		{6AF65A0F-378A-4D72-A694-C7C598C4C295}.Release|Any CPU.ActiveCfg = Release|Any CPU
		{6AF65A0F-378A-4D72-A694-C7C598C4C295}.Release|Any CPU.Build.0 = Release|Any CPU
		{785F4F98-80D7-42A6-9F65-4280D5372277}.Debug|Any CPU.ActiveCfg = Debug|Any CPU
		{785F4F98-80D7-42A6-9F65-4280D5372277}.Debug|Any CPU.Build.0 = Debug|Any CPU
		{785F4F98-80D7-42A6-9F65-4280D5372277}.Release|Any CPU.ActiveCfg = Release|Any CPU
		{785F4F98-80D7-42A6-9F65-4280D5372277}.Release|Any CPU.Build.0 = Release|Any CPU
		{0178EE74-CAF7-4963-9792-3A3AA486BFA7}.Debug|Any CPU.ActiveCfg = Debug|Any CPU
		{0178EE74-CAF7-4963-9792-3A3AA486BFA7}.Debug|Any CPU.Build.0 = Debug|Any CPU
		{0178EE74-CAF7-4963-9792-3A3AA486BFA7}.Release|Any CPU.ActiveCfg = Release|Any CPU
		{0178EE74-CAF7-4963-9792-3A3AA486BFA7}.Release|Any CPU.Build.0 = Release|Any CPU
		{3B1FB9CC-9E2C-4A84-BB10-B5F517049555}.Debug|Any CPU.ActiveCfg = Debug|Any CPU
		{3B1FB9CC-9E2C-4A84-BB10-B5F517049555}.Debug|Any CPU.Build.0 = Debug|Any CPU
		{3B1FB9CC-9E2C-4A84-BB10-B5F517049555}.Release|Any CPU.ActiveCfg = Release|Any CPU
		{3B1FB9CC-9E2C-4A84-BB10-B5F517049555}.Release|Any CPU.Build.0 = Release|Any CPU
		{106B3CB0-D997-474F-87EE-9800C3614A85}.Debug|Any CPU.ActiveCfg = Debug|Any CPU
		{106B3CB0-D997-474F-87EE-9800C3614A85}.Debug|Any CPU.Build.0 = Debug|Any CPU
		{106B3CB0-D997-474F-87EE-9800C3614A85}.Release|Any CPU.ActiveCfg = Release|Any CPU
		{106B3CB0-D997-474F-87EE-9800C3614A85}.Release|Any CPU.Build.0 = Release|Any CPU
		{8B3BAC51-171A-4A77-979B-BBB7CB342597}.Debug|Any CPU.ActiveCfg = Debug|Any CPU
		{8B3BAC51-171A-4A77-979B-BBB7CB342597}.Debug|Any CPU.Build.0 = Debug|Any CPU
		{8B3BAC51-171A-4A77-979B-BBB7CB342597}.Release|Any CPU.ActiveCfg = Release|Any CPU
		{8B3BAC51-171A-4A77-979B-BBB7CB342597}.Release|Any CPU.Build.0 = Release|Any CPU
		{CD792AB7-902E-4115-BAE6-7860EC219AB3}.Debug|Any CPU.ActiveCfg = Debug|Any CPU
		{CD792AB7-902E-4115-BAE6-7860EC219AB3}.Debug|Any CPU.Build.0 = Debug|Any CPU
		{CD792AB7-902E-4115-BAE6-7860EC219AB3}.Release|Any CPU.ActiveCfg = Release|Any CPU
		{CD792AB7-902E-4115-BAE6-7860EC219AB3}.Release|Any CPU.Build.0 = Release|Any CPU
		{5301B15B-9271-44A5-8556-4D3296FFBE6B}.Debug|Any CPU.ActiveCfg = Debug|Any CPU
		{5301B15B-9271-44A5-8556-4D3296FFBE6B}.Debug|Any CPU.Build.0 = Debug|Any CPU
		{5301B15B-9271-44A5-8556-4D3296FFBE6B}.Release|Any CPU.ActiveCfg = Release|Any CPU
		{5301B15B-9271-44A5-8556-4D3296FFBE6B}.Release|Any CPU.Build.0 = Release|Any CPU
		{F4621C62-6A24-4B90-BED9-75C07D7A0047}.Debug|Any CPU.ActiveCfg = Debug|Any CPU
		{F4621C62-6A24-4B90-BED9-75C07D7A0047}.Debug|Any CPU.Build.0 = Debug|Any CPU
		{F4621C62-6A24-4B90-BED9-75C07D7A0047}.Release|Any CPU.ActiveCfg = Release|Any CPU
		{F4621C62-6A24-4B90-BED9-75C07D7A0047}.Release|Any CPU.Build.0 = Release|Any CPU
		{9169BB0C-CD1C-45FF-B214-438913E715BE}.Debug|Any CPU.ActiveCfg = Debug|Any CPU
		{9169BB0C-CD1C-45FF-B214-438913E715BE}.Debug|Any CPU.Build.0 = Debug|Any CPU
		{9169BB0C-CD1C-45FF-B214-438913E715BE}.Release|Any CPU.ActiveCfg = Release|Any CPU
		{9169BB0C-CD1C-45FF-B214-438913E715BE}.Release|Any CPU.Build.0 = Release|Any CPU
		{65600530-57CA-44FF-84E8-AA6F81B3548F}.Debug|Any CPU.ActiveCfg = Debug|Any CPU
		{65600530-57CA-44FF-84E8-AA6F81B3548F}.Debug|Any CPU.Build.0 = Debug|Any CPU
		{65600530-57CA-44FF-84E8-AA6F81B3548F}.Release|Any CPU.ActiveCfg = Release|Any CPU
		{65600530-57CA-44FF-84E8-AA6F81B3548F}.Release|Any CPU.Build.0 = Release|Any CPU
		{D85ACC65-7171-4703-8DD1-EEA09AFC8AEA}.Debug|Any CPU.ActiveCfg = Debug|Any CPU
		{D85ACC65-7171-4703-8DD1-EEA09AFC8AEA}.Debug|Any CPU.Build.0 = Debug|Any CPU
		{D85ACC65-7171-4703-8DD1-EEA09AFC8AEA}.Release|Any CPU.ActiveCfg = Release|Any CPU
		{D85ACC65-7171-4703-8DD1-EEA09AFC8AEA}.Release|Any CPU.Build.0 = Release|Any CPU
		{6957F42F-0A7D-4F3A-BC6E-E978F0BCEEF4}.Debug|Any CPU.ActiveCfg = Debug|Any CPU
		{6957F42F-0A7D-4F3A-BC6E-E978F0BCEEF4}.Debug|Any CPU.Build.0 = Debug|Any CPU
		{6957F42F-0A7D-4F3A-BC6E-E978F0BCEEF4}.Release|Any CPU.ActiveCfg = Release|Any CPU
		{6957F42F-0A7D-4F3A-BC6E-E978F0BCEEF4}.Release|Any CPU.Build.0 = Release|Any CPU
		{036D8017-89FC-423E-BB69-69C1FB3F3194}.Debug|Any CPU.ActiveCfg = Debug|Any CPU
		{036D8017-89FC-423E-BB69-69C1FB3F3194}.Debug|Any CPU.Build.0 = Debug|Any CPU
		{036D8017-89FC-423E-BB69-69C1FB3F3194}.Release|Any CPU.ActiveCfg = Release|Any CPU
		{036D8017-89FC-423E-BB69-69C1FB3F3194}.Release|Any CPU.Build.0 = Release|Any CPU
		{F342FA05-250E-4EE1-9A2F-BF5512660177}.Debug|Any CPU.ActiveCfg = Debug|Any CPU
		{F342FA05-250E-4EE1-9A2F-BF5512660177}.Debug|Any CPU.Build.0 = Debug|Any CPU
		{F342FA05-250E-4EE1-9A2F-BF5512660177}.Release|Any CPU.ActiveCfg = Release|Any CPU
		{F342FA05-250E-4EE1-9A2F-BF5512660177}.Release|Any CPU.Build.0 = Release|Any CPU
		{1A4A2552-0992-441D-A196-6CD0A9321AFA}.Debug|Any CPU.ActiveCfg = Debug|Any CPU
		{1A4A2552-0992-441D-A196-6CD0A9321AFA}.Debug|Any CPU.Build.0 = Debug|Any CPU
		{1A4A2552-0992-441D-A196-6CD0A9321AFA}.Release|Any CPU.ActiveCfg = Release|Any CPU
		{1A4A2552-0992-441D-A196-6CD0A9321AFA}.Release|Any CPU.Build.0 = Release|Any CPU
		{4F79EBC2-5860-45C2-942B-F054ECDFA4A0}.Debug|Any CPU.ActiveCfg = Debug|Any CPU
		{4F79EBC2-5860-45C2-942B-F054ECDFA4A0}.Debug|Any CPU.Build.0 = Debug|Any CPU
		{4F79EBC2-5860-45C2-942B-F054ECDFA4A0}.Release|Any CPU.ActiveCfg = Release|Any CPU
		{4F79EBC2-5860-45C2-942B-F054ECDFA4A0}.Release|Any CPU.Build.0 = Release|Any CPU
		{AF7C4643-225E-4A4D-B8F7-1C9B94A1C928}.Debug|Any CPU.ActiveCfg = Debug|Any CPU
		{AF7C4643-225E-4A4D-B8F7-1C9B94A1C928}.Debug|Any CPU.Build.0 = Debug|Any CPU
		{AF7C4643-225E-4A4D-B8F7-1C9B94A1C928}.Release|Any CPU.ActiveCfg = Release|Any CPU
		{AF7C4643-225E-4A4D-B8F7-1C9B94A1C928}.Release|Any CPU.Build.0 = Release|Any CPU
		{8E99DEE0-F1FA-4456-BD0F-7F0B4FFF481C}.Debug|Any CPU.ActiveCfg = Debug|Any CPU
		{8E99DEE0-F1FA-4456-BD0F-7F0B4FFF481C}.Debug|Any CPU.Build.0 = Debug|Any CPU
		{8E99DEE0-F1FA-4456-BD0F-7F0B4FFF481C}.Release|Any CPU.ActiveCfg = Release|Any CPU
		{8E99DEE0-F1FA-4456-BD0F-7F0B4FFF481C}.Release|Any CPU.Build.0 = Release|Any CPU
		{B5A698C9-2DCD-4D38-A073-090A2B7A1283}.Debug|Any CPU.ActiveCfg = Debug|Any CPU
		{B5A698C9-2DCD-4D38-A073-090A2B7A1283}.Debug|Any CPU.Build.0 = Debug|Any CPU
		{B5A698C9-2DCD-4D38-A073-090A2B7A1283}.Release|Any CPU.ActiveCfg = Release|Any CPU
		{B5A698C9-2DCD-4D38-A073-090A2B7A1283}.Release|Any CPU.Build.0 = Release|Any CPU
		{57F767C6-24FF-4DF5-A4CC-049F9AC65A1C}.Debug|Any CPU.ActiveCfg = Debug|Any CPU
		{57F767C6-24FF-4DF5-A4CC-049F9AC65A1C}.Debug|Any CPU.Build.0 = Debug|Any CPU
		{57F767C6-24FF-4DF5-A4CC-049F9AC65A1C}.Release|Any CPU.ActiveCfg = Release|Any CPU
		{57F767C6-24FF-4DF5-A4CC-049F9AC65A1C}.Release|Any CPU.Build.0 = Release|Any CPU
		{72840039-9F27-48FF-AD66-02110ABB1394}.Debug|Any CPU.ActiveCfg = Debug|Any CPU
		{72840039-9F27-48FF-AD66-02110ABB1394}.Debug|Any CPU.Build.0 = Debug|Any CPU
		{72840039-9F27-48FF-AD66-02110ABB1394}.Release|Any CPU.ActiveCfg = Release|Any CPU
		{72840039-9F27-48FF-AD66-02110ABB1394}.Release|Any CPU.Build.0 = Release|Any CPU
		{43F0E73F-ED8C-4CF2-A4EA-E15F53942814}.Debug|Any CPU.ActiveCfg = Debug|Any CPU
		{43F0E73F-ED8C-4CF2-A4EA-E15F53942814}.Debug|Any CPU.Build.0 = Debug|Any CPU
		{43F0E73F-ED8C-4CF2-A4EA-E15F53942814}.Release|Any CPU.ActiveCfg = Release|Any CPU
		{43F0E73F-ED8C-4CF2-A4EA-E15F53942814}.Release|Any CPU.Build.0 = Release|Any CPU
		{7BF5B593-687F-4A83-975E-23CE866451BE}.Debug|Any CPU.ActiveCfg = Debug|Any CPU
		{7BF5B593-687F-4A83-975E-23CE866451BE}.Debug|Any CPU.Build.0 = Debug|Any CPU
		{7BF5B593-687F-4A83-975E-23CE866451BE}.Release|Any CPU.ActiveCfg = Release|Any CPU
		{7BF5B593-687F-4A83-975E-23CE866451BE}.Release|Any CPU.Build.0 = Release|Any CPU
		{40C735EC-6EB3-491B-B8EF-6158FC230CD7}.Debug|Any CPU.ActiveCfg = Debug|Any CPU
		{40C735EC-6EB3-491B-B8EF-6158FC230CD7}.Debug|Any CPU.Build.0 = Debug|Any CPU
		{40C735EC-6EB3-491B-B8EF-6158FC230CD7}.Release|Any CPU.ActiveCfg = Release|Any CPU
		{40C735EC-6EB3-491B-B8EF-6158FC230CD7}.Release|Any CPU.Build.0 = Release|Any CPU
		{A5B8177A-651A-43C5-A570-618F61475A68}.Debug|Any CPU.ActiveCfg = Debug|Any CPU
		{A5B8177A-651A-43C5-A570-618F61475A68}.Debug|Any CPU.Build.0 = Debug|Any CPU
		{A5B8177A-651A-43C5-A570-618F61475A68}.Release|Any CPU.ActiveCfg = Release|Any CPU
		{A5B8177A-651A-43C5-A570-618F61475A68}.Release|Any CPU.Build.0 = Release|Any CPU
		{F5CA195E-8998-4512-B715-4D1DCB139BC2}.Debug|Any CPU.ActiveCfg = Debug|Any CPU
		{F5CA195E-8998-4512-B715-4D1DCB139BC2}.Debug|Any CPU.Build.0 = Debug|Any CPU
		{F5CA195E-8998-4512-B715-4D1DCB139BC2}.Release|Any CPU.ActiveCfg = Release|Any CPU
		{F5CA195E-8998-4512-B715-4D1DCB139BC2}.Release|Any CPU.Build.0 = Release|Any CPU
		{62608833-7908-4A2B-B0E3-E4A0E3478EC6}.Debug|Any CPU.ActiveCfg = Debug|Any CPU
		{62608833-7908-4A2B-B0E3-E4A0E3478EC6}.Debug|Any CPU.Build.0 = Debug|Any CPU
		{62608833-7908-4A2B-B0E3-E4A0E3478EC6}.Release|Any CPU.ActiveCfg = Release|Any CPU
		{62608833-7908-4A2B-B0E3-E4A0E3478EC6}.Release|Any CPU.Build.0 = Release|Any CPU
		{27CB8451-63C6-40E8-8FCE-51920CD1F042}.Debug|Any CPU.ActiveCfg = Debug|Any CPU
		{27CB8451-63C6-40E8-8FCE-51920CD1F042}.Debug|Any CPU.Build.0 = Debug|Any CPU
		{27CB8451-63C6-40E8-8FCE-51920CD1F042}.Release|Any CPU.ActiveCfg = Release|Any CPU
		{27CB8451-63C6-40E8-8FCE-51920CD1F042}.Release|Any CPU.Build.0 = Release|Any CPU
		{0E77D1F1-4098-46D3-9479-4D15B23523BD}.Debug|Any CPU.ActiveCfg = Debug|Any CPU
		{0E77D1F1-4098-46D3-9479-4D15B23523BD}.Debug|Any CPU.Build.0 = Debug|Any CPU
		{0E77D1F1-4098-46D3-9479-4D15B23523BD}.Release|Any CPU.ActiveCfg = Release|Any CPU
		{0E77D1F1-4098-46D3-9479-4D15B23523BD}.Release|Any CPU.Build.0 = Release|Any CPU
		{D027720F-DC74-4D9C-BEA3-1AEBB96FB368}.Debug|Any CPU.ActiveCfg = Debug|Any CPU
		{D027720F-DC74-4D9C-BEA3-1AEBB96FB368}.Debug|Any CPU.Build.0 = Debug|Any CPU
		{D027720F-DC74-4D9C-BEA3-1AEBB96FB368}.Release|Any CPU.ActiveCfg = Release|Any CPU
		{D027720F-DC74-4D9C-BEA3-1AEBB96FB368}.Release|Any CPU.Build.0 = Release|Any CPU
		{B717054A-CAEB-4CDB-9CA9-C596B4C0BB73}.Debug|Any CPU.ActiveCfg = Debug|Any CPU
		{B717054A-CAEB-4CDB-9CA9-C596B4C0BB73}.Debug|Any CPU.Build.0 = Debug|Any CPU
		{B717054A-CAEB-4CDB-9CA9-C596B4C0BB73}.Release|Any CPU.ActiveCfg = Release|Any CPU
		{B717054A-CAEB-4CDB-9CA9-C596B4C0BB73}.Release|Any CPU.Build.0 = Release|Any CPU
		{B9B6514D-1CBD-407B-A554-BC2189E85BF1}.Debug|Any CPU.ActiveCfg = Debug|Any CPU
		{B9B6514D-1CBD-407B-A554-BC2189E85BF1}.Debug|Any CPU.Build.0 = Debug|Any CPU
		{B9B6514D-1CBD-407B-A554-BC2189E85BF1}.Release|Any CPU.ActiveCfg = Release|Any CPU
		{B9B6514D-1CBD-407B-A554-BC2189E85BF1}.Release|Any CPU.Build.0 = Release|Any CPU
		{21856105-9B38-4581-BB2A-D469F9A4D63F}.Debug|Any CPU.ActiveCfg = Debug|Any CPU
		{21856105-9B38-4581-BB2A-D469F9A4D63F}.Debug|Any CPU.Build.0 = Debug|Any CPU
		{21856105-9B38-4581-BB2A-D469F9A4D63F}.Release|Any CPU.ActiveCfg = Release|Any CPU
		{21856105-9B38-4581-BB2A-D469F9A4D63F}.Release|Any CPU.Build.0 = Release|Any CPU
		{0CC5EF63-8CCE-44EF-A0EF-CA7673F8262A}.Debug|Any CPU.ActiveCfg = Debug|Any CPU
		{0CC5EF63-8CCE-44EF-A0EF-CA7673F8262A}.Debug|Any CPU.Build.0 = Debug|Any CPU
		{0CC5EF63-8CCE-44EF-A0EF-CA7673F8262A}.Release|Any CPU.ActiveCfg = Release|Any CPU
		{0CC5EF63-8CCE-44EF-A0EF-CA7673F8262A}.Release|Any CPU.Build.0 = Release|Any CPU
		{33265F86-4185-484C-93EA-D8335B6DD9E6}.Debug|Any CPU.ActiveCfg = Debug|Any CPU
		{33265F86-4185-484C-93EA-D8335B6DD9E6}.Debug|Any CPU.Build.0 = Debug|Any CPU
		{33265F86-4185-484C-93EA-D8335B6DD9E6}.Release|Any CPU.ActiveCfg = Release|Any CPU
		{33265F86-4185-484C-93EA-D8335B6DD9E6}.Release|Any CPU.Build.0 = Release|Any CPU
		{C74BE7E9-61CB-4C41-82C9-C98ACBDBA482}.Debug|Any CPU.ActiveCfg = Debug|Any CPU
		{C74BE7E9-61CB-4C41-82C9-C98ACBDBA482}.Debug|Any CPU.Build.0 = Debug|Any CPU
		{C74BE7E9-61CB-4C41-82C9-C98ACBDBA482}.Release|Any CPU.ActiveCfg = Release|Any CPU
		{C74BE7E9-61CB-4C41-82C9-C98ACBDBA482}.Release|Any CPU.Build.0 = Release|Any CPU
		{F32382F0-C99E-43FD-BDB6-87E6A458CD8B}.Debug|Any CPU.ActiveCfg = Debug|Any CPU
		{F32382F0-C99E-43FD-BDB6-87E6A458CD8B}.Debug|Any CPU.Build.0 = Debug|Any CPU
		{F32382F0-C99E-43FD-BDB6-87E6A458CD8B}.Release|Any CPU.ActiveCfg = Release|Any CPU
		{F32382F0-C99E-43FD-BDB6-87E6A458CD8B}.Release|Any CPU.Build.0 = Release|Any CPU
	EndGlobalSection
	GlobalSection(SolutionProperties) = preSolution
		HideSolutionNode = FALSE
	EndGlobalSection
	GlobalSection(NestedProjects) = preSolution
		{554AD327-6DBA-4F8F-96F8-81CE7A0C863F} = {CA9AC87F-097E-4F15-8393-4BC07735A5B0}
		{FFBDAAD5-6C10-4376-B961-37B3C214E9EC} = {8EFEB2C7-3419-4DD2-B9BE-4A8FD81F3155}
		{8EFEB2C7-3419-4DD2-B9BE-4A8FD81F3155} = {12607996-382E-442B-8A1B-3A225145A583}
		{ED88E5B9-1547-4845-A31C-5153487E6787} = {6619B448-7E44-4EA7-999C-7F0FFA9C31CD}
		{DF2A2C44-2E84-4AC9-A30B-6A7A2CD0AAF8} = {6619B448-7E44-4EA7-999C-7F0FFA9C31CD}
		{B2C1DED4-2D3B-49BA-8413-43EBE639BD77} = {6619B448-7E44-4EA7-999C-7F0FFA9C31CD}
		{381DC3B2-E6F8-437C-A62B-4A44D2742276} = {6619B448-7E44-4EA7-999C-7F0FFA9C31CD}
		{6454459F-E796-488C-82F1-A7CF3C30D453} = {6619B448-7E44-4EA7-999C-7F0FFA9C31CD}
		{EAFC20B5-1655-4758-8802-9C3E439AFEB5} = {6619B448-7E44-4EA7-999C-7F0FFA9C31CD}
		{60AAA3A1-34EA-47E8-AC18-0137E8951167} = {6619B448-7E44-4EA7-999C-7F0FFA9C31CD}
		{6BEF5185-4670-4BCF-A7FD-8B49CD7F159B} = {6619B448-7E44-4EA7-999C-7F0FFA9C31CD}
		{B67DA1F5-A4E8-4C0D-8A2B-E3F9C5772C6B} = {6619B448-7E44-4EA7-999C-7F0FFA9C31CD}
		{3D067007-FDE8-4B00-929A-63D13D6EF409} = {6619B448-7E44-4EA7-999C-7F0FFA9C31CD}
		{6619B448-7E44-4EA7-999C-7F0FFA9C31CD} = {12607996-382E-442B-8A1B-3A225145A583}
		{E45A9653-39B6-46CF-A0CF-D2987781A7A2} = {1F33952D-978C-438F-9304-38D4E04E097D}
		{3203DF96-69BB-4748-9698-9A4D071003E6} = {1F33952D-978C-438F-9304-38D4E04E097D}
		{18C1B664-CB5E-4419-9EA7-0D0C3D52732C} = {1F33952D-978C-438F-9304-38D4E04E097D}
		{E955326C-C3F1-4EEC-B0CB-3F8AB99259F2} = {1F33952D-978C-438F-9304-38D4E04E097D}
		{E9E9CC4D-ACC7-461A-BCC3-C2FE669754F7} = {1F33952D-978C-438F-9304-38D4E04E097D}
		{C8865FBC-F19A-49BB-AB73-17A67F283EDE} = {1F33952D-978C-438F-9304-38D4E04E097D}
		{17F1E4AE-452D-469A-BF1C-D9EB07D79B98} = {1F33952D-978C-438F-9304-38D4E04E097D}
		{9CDE32D2-423A-4D35-8D3B-A79CE0CCD368} = {1F33952D-978C-438F-9304-38D4E04E097D}
		{4B3684A0-3E49-4A15-9068-89AC6B24A512} = {1F33952D-978C-438F-9304-38D4E04E097D}
		{A7DADE78-9D90-4C1C-861C-C1A6BE1A3FAB} = {1F33952D-978C-438F-9304-38D4E04E097D}
		{C542671E-8CB0-438E-B7B7-F86541EE1F91} = {1F33952D-978C-438F-9304-38D4E04E097D}
		{DA6A9E2D-85C6-4B9D-AB01-F81293DA9C55} = {1F33952D-978C-438F-9304-38D4E04E097D}
		{9B4C4308-63B2-460B-A6DE-7094CFF6E9F5} = {1F33952D-978C-438F-9304-38D4E04E097D}
		{1F33952D-978C-438F-9304-38D4E04E097D} = {12607996-382E-442B-8A1B-3A225145A583}
		{F2817165-B16E-4A31-A801-B8AB106BD387} = {175590DD-7D16-4BF7-8733-752E24050FCC}
		{2EE1997B-091A-4324-AB21-3C333EB51531} = {175590DD-7D16-4BF7-8733-752E24050FCC}
		{594B8BD3-17EC-4F3E-AFA1-E2D70A2A881A} = {175590DD-7D16-4BF7-8733-752E24050FCC}
		{A7536D65-1580-4A44-8DF4-CE88701C6DFB} = {175590DD-7D16-4BF7-8733-752E24050FCC}
		{389D8BE2-7997-405E-9249-30EA0A458A3E} = {175590DD-7D16-4BF7-8733-752E24050FCC}
		{55250973-AD5A-4E49-84EA-803BBD84D3C3} = {175590DD-7D16-4BF7-8733-752E24050FCC}
		{F2DB9A42-7836-41F6-B82C-032EEAA3E7B3} = {175590DD-7D16-4BF7-8733-752E24050FCC}
		{8F925E71-3E54-48A6-ACDD-9569B5F8F977} = {175590DD-7D16-4BF7-8733-752E24050FCC}
		{05FC332C-25FB-4C13-B152-FCE34EA8ADD5} = {175590DD-7D16-4BF7-8733-752E24050FCC}
		{987A6423-84F7-4FFC-8227-E9638CC91FC4} = {175590DD-7D16-4BF7-8733-752E24050FCC}
		{6EDEAB9E-1136-419B-8BBB-8F13FA34F72A} = {175590DD-7D16-4BF7-8733-752E24050FCC}
		{6BCFCBFA-9FE0-418D-A999-D14C64239565} = {175590DD-7D16-4BF7-8733-752E24050FCC}
		{175590DD-7D16-4BF7-8733-752E24050FCC} = {12607996-382E-442B-8A1B-3A225145A583}
		{53F84FC2-4875-485A-AE50-23393D84F3C8} = {5644FEE3-CD82-44E0-B4B8-6FE1D76E6AC1}
		{59796FF5-587B-4990-972F-6AA94E8F2AC2} = {5644FEE3-CD82-44E0-B4B8-6FE1D76E6AC1}
		{E6637841-6704-44B7-88A6-3B9A9CBCD4F9} = {5644FEE3-CD82-44E0-B4B8-6FE1D76E6AC1}
		{76C974F3-C555-4C7B-A066-656AEF016C2A} = {5644FEE3-CD82-44E0-B4B8-6FE1D76E6AC1}
		{38BF9A96-1B55-49A3-8CD5-9B9C605D0594} = {5644FEE3-CD82-44E0-B4B8-6FE1D76E6AC1}
		{FE4524F4-54A4-4204-BD84-77E93DC5113B} = {5644FEE3-CD82-44E0-B4B8-6FE1D76E6AC1}
		{7323E705-0CD3-43DD-BA92-DEA60CFE31FF} = {5644FEE3-CD82-44E0-B4B8-6FE1D76E6AC1}
		{54C4578C-C588-4F10-9B09-7172BF7094CF} = {5644FEE3-CD82-44E0-B4B8-6FE1D76E6AC1}
		{290955AD-6489-4407-AC39-4ACA8D25668F} = {5644FEE3-CD82-44E0-B4B8-6FE1D76E6AC1}
		{94BB880D-5839-44D8-A308-216325970AFF} = {5644FEE3-CD82-44E0-B4B8-6FE1D76E6AC1}
		{E89460F3-B331-4A97-8745-94E7AD3240D1} = {5644FEE3-CD82-44E0-B4B8-6FE1D76E6AC1}
		{58D6AA24-6072-4DDD-B9DF-DAD72B96EECE} = {5644FEE3-CD82-44E0-B4B8-6FE1D76E6AC1}
		{809F2332-E8F4-40C9-95B8-D5D11554806E} = {5644FEE3-CD82-44E0-B4B8-6FE1D76E6AC1}
		{5644FEE3-CD82-44E0-B4B8-6FE1D76E6AC1} = {12607996-382E-442B-8A1B-3A225145A583}
		{820062FB-4127-4A1C-89A9-A648A00957C2} = {02623151-328D-474F-B4E6-AFD1D5E7D9F7}
		{75745A16-8CB5-42DB-8412-656ADB2DDB45} = {02623151-328D-474F-B4E6-AFD1D5E7D9F7}
		{41A3E35A-DD5E-4B77-98EE-2A07471BE51A} = {02623151-328D-474F-B4E6-AFD1D5E7D9F7}
		{8CC9FFC7-DB94-485E-A1FF-CB5A582EA5CE} = {02623151-328D-474F-B4E6-AFD1D5E7D9F7}
		{7EE56F96-F8EE-48C4-A116-64290EBBF92B} = {02623151-328D-474F-B4E6-AFD1D5E7D9F7}
		{3ED3D486-FB53-4887-BD1F-98659C467AAB} = {02623151-328D-474F-B4E6-AFD1D5E7D9F7}
		{1103F7BC-19FD-47EE-9C70-9B9494C5394C} = {02623151-328D-474F-B4E6-AFD1D5E7D9F7}
		{2FF33F25-409D-4541-9A8F-D5C33959EF91} = {02623151-328D-474F-B4E6-AFD1D5E7D9F7}
		{916B5B5A-9ED3-40BE-8F3D-FA56C72DA71A} = {02623151-328D-474F-B4E6-AFD1D5E7D9F7}
		{96E8072B-7DA9-463F-96BE-C9E575343456} = {02623151-328D-474F-B4E6-AFD1D5E7D9F7}
		{A114B9A5-3465-435E-86B5-936E4A7D73C2} = {02623151-328D-474F-B4E6-AFD1D5E7D9F7}
		{670C7842-2B8D-42BE-A2D9-E2E6D890BAA0} = {02623151-328D-474F-B4E6-AFD1D5E7D9F7}
		{B38D6B70-B719-49DC-A680-96B9782ED092} = {02623151-328D-474F-B4E6-AFD1D5E7D9F7}
		{A6F964AB-5BFA-482C-B682-F102283F83B7} = {02623151-328D-474F-B4E6-AFD1D5E7D9F7}
		{E3F147A8-983C-45D4-A9A0-96ED16A312C7} = {02623151-328D-474F-B4E6-AFD1D5E7D9F7}
		{CC060D63-3BC5-42D0-8BF1-09CF11BD473F} = {02623151-328D-474F-B4E6-AFD1D5E7D9F7}
		{03B87F58-0773-4A69-8C0B-301F6AD87CEB} = {02623151-328D-474F-B4E6-AFD1D5E7D9F7}
		{B51F35BD-6ED3-4067-AF7A-91F7F6EF8327} = {02623151-328D-474F-B4E6-AFD1D5E7D9F7}
		{213D6944-CD42-4B12-B4A4-1805414D00AB} = {02623151-328D-474F-B4E6-AFD1D5E7D9F7}
		{A9A5541A-D7C4-4988-97DE-B4E122CB9805} = {02623151-328D-474F-B4E6-AFD1D5E7D9F7}
		{8967B77F-E72C-4151-B0C0-11BCF676D4E0} = {02623151-328D-474F-B4E6-AFD1D5E7D9F7}
		{54C2C70A-2FE4-4A00-9E36-C18D01E4E4D2} = {02623151-328D-474F-B4E6-AFD1D5E7D9F7}
		{154731AB-DE44-43F2-892D-C6B01C62C680} = {02623151-328D-474F-B4E6-AFD1D5E7D9F7}
		{02623151-328D-474F-B4E6-AFD1D5E7D9F7} = {12607996-382E-442B-8A1B-3A225145A583}
		{9C6FE6E5-AD1F-4045-AEE4-EF6E57B0E990} = {09A513F9-A7B8-422A-8F35-C01A2BA0EC38}
		{448C1C13-6D86-406E-9B4D-8F3BC0D8B7AA} = {09A513F9-A7B8-422A-8F35-C01A2BA0EC38}
		{1D115467-D0A3-4C39-A296-EF8E42CBEB0B} = {09A513F9-A7B8-422A-8F35-C01A2BA0EC38}
		{8FA684D4-8B47-4420-B2F4-3A689B516C92} = {09A513F9-A7B8-422A-8F35-C01A2BA0EC38}
		{3918C30D-3928-4B6E-A528-0EC729CAE764} = {09A513F9-A7B8-422A-8F35-C01A2BA0EC38}
		{B28261BF-E6D4-4607-82DE-AECA790212A3} = {09A513F9-A7B8-422A-8F35-C01A2BA0EC38}
		{1CF69387-1C94-4B0F-BBA0-A40AE0742004} = {09A513F9-A7B8-422A-8F35-C01A2BA0EC38}
		{C4271286-EFC2-4F3F-B4BD-689BDDE5D56F} = {09A513F9-A7B8-422A-8F35-C01A2BA0EC38}
		{9AAFF601-8E3E-4A28-9421-A52A3852BEBE} = {09A513F9-A7B8-422A-8F35-C01A2BA0EC38}
		{9E323B5D-698A-4404-93A2-99C545B89134} = {09A513F9-A7B8-422A-8F35-C01A2BA0EC38}
		{D18D50C7-2E7C-47F9-A529-846F24CA9C65} = {09A513F9-A7B8-422A-8F35-C01A2BA0EC38}
		{872731FC-6E4E-4D29-96EC-B48392427AEC} = {09A513F9-A7B8-422A-8F35-C01A2BA0EC38}
		{300B5621-0C36-49F6-B0DB-118C0FA084F5} = {09A513F9-A7B8-422A-8F35-C01A2BA0EC38}
		{09A513F9-A7B8-422A-8F35-C01A2BA0EC38} = {12607996-382E-442B-8A1B-3A225145A583}
		{1A94A50E-06DC-43C1-80B5-B662820EC3EB} = {CA9AC87F-097E-4F15-8393-4BC07735A5B0}
		{C956DD76-69C8-4A9C-83EA-D17DF83340FD} = {CA9AC87F-097E-4F15-8393-4BC07735A5B0}
		{42F719ED-8413-4895-B5B4-5AB56079BC66} = {CA9AC87F-097E-4F15-8393-4BC07735A5B0}
		{520659C8-C734-4298-A3DA-B539DB9DFC0B} = {CA9AC87F-097E-4F15-8393-4BC07735A5B0}
		{4164BDF7-F527-4E85-9CE6-E3C2D7426A27} = {CA9AC87F-097E-4F15-8393-4BC07735A5B0}
		{3B5A0094-670D-4BB1-BFDD-61B88A8773DC} = {CA9AC87F-097E-4F15-8393-4BC07735A5B0}
		{70680696-BB1E-4383-BCB2-42C3767171FB} = {CA9AC87F-097E-4F15-8393-4BC07735A5B0}
		{96E5259E-59A3-4FAF-BCD1-5BF8E74EF82C} = {CA9AC87F-097E-4F15-8393-4BC07735A5B0}
		{2C564305-E7B5-44FB-94B6-408E8A0CB94D} = {F70CEB3B-DDDA-4D9E-B419-25CC9304BBF4}
		{61041276-FF2D-44F8-AFB7-B79DEC2951E8} = {F70CEB3B-DDDA-4D9E-B419-25CC9304BBF4}
		{3D4F1DDC-C09E-46A4-B77C-9A1533B64C3C} = {F70CEB3B-DDDA-4D9E-B419-25CC9304BBF4}
		{EEC3677E-4564-48D2-AF96-76EE65C45A94} = {F70CEB3B-DDDA-4D9E-B419-25CC9304BBF4}
		{18853474-590E-4CBE-8157-5800519E29C6} = {F70CEB3B-DDDA-4D9E-B419-25CC9304BBF4}
		{E97322CC-CE84-4B48-ABB4-87D0DE1C3350} = {12607996-382E-442B-8A1B-3A225145A583}
		{803DBA0C-ADAE-46C0-AEA9-D7A6FC48B6D8} = {12607996-382E-442B-8A1B-3A225145A583}
		{BBFDADF6-6940-4CC2-AC4D-016F9597E9CC} = {803DBA0C-ADAE-46C0-AEA9-D7A6FC48B6D8}
		{05DECF88-465B-4287-BB70-7CEB9B67A4C9} = {803DBA0C-ADAE-46C0-AEA9-D7A6FC48B6D8}
		{CB469A7C-0094-4BEB-A060-6DEBC58F91D3} = {803DBA0C-ADAE-46C0-AEA9-D7A6FC48B6D8}
		{434D08D3-9338-4185-B666-0C8D705164B3} = {803DBA0C-ADAE-46C0-AEA9-D7A6FC48B6D8}
		{228D4B27-09C3-44F6-B2C5-918CA08325A2} = {E97322CC-CE84-4B48-ABB4-87D0DE1C3350}
		{6AF65A0F-378A-4D72-A694-C7C598C4C295} = {E97322CC-CE84-4B48-ABB4-87D0DE1C3350}
		{785F4F98-80D7-42A6-9F65-4280D5372277} = {E97322CC-CE84-4B48-ABB4-87D0DE1C3350}
		{0178EE74-CAF7-4963-9792-3A3AA486BFA7} = {E97322CC-CE84-4B48-ABB4-87D0DE1C3350}
		{3B1FB9CC-9E2C-4A84-BB10-B5F517049555} = {E97322CC-CE84-4B48-ABB4-87D0DE1C3350}
		{106B3CB0-D997-474F-87EE-9800C3614A85} = {E97322CC-CE84-4B48-ABB4-87D0DE1C3350}
		{8B3BAC51-171A-4A77-979B-BBB7CB342597} = {E97322CC-CE84-4B48-ABB4-87D0DE1C3350}
		{CD792AB7-902E-4115-BAE6-7860EC219AB3} = {E97322CC-CE84-4B48-ABB4-87D0DE1C3350}
		{75D2C0E1-B0A2-4948-879A-B2AAE854C543} = {12607996-382E-442B-8A1B-3A225145A583}
		{5301B15B-9271-44A5-8556-4D3296FFBE6B} = {75D2C0E1-B0A2-4948-879A-B2AAE854C543}
		{F4621C62-6A24-4B90-BED9-75C07D7A0047} = {75D2C0E1-B0A2-4948-879A-B2AAE854C543}
		{9169BB0C-CD1C-45FF-B214-438913E715BE} = {75D2C0E1-B0A2-4948-879A-B2AAE854C543}
		{65600530-57CA-44FF-84E8-AA6F81B3548F} = {75D2C0E1-B0A2-4948-879A-B2AAE854C543}
		{D85ACC65-7171-4703-8DD1-EEA09AFC8AEA} = {75D2C0E1-B0A2-4948-879A-B2AAE854C543}
		{3F294B57-4254-40B8-9823-8DCA4A907CE6} = {12607996-382E-442B-8A1B-3A225145A583}
		{6957F42F-0A7D-4F3A-BC6E-E978F0BCEEF4} = {3F294B57-4254-40B8-9823-8DCA4A907CE6}
		{036D8017-89FC-423E-BB69-69C1FB3F3194} = {3F294B57-4254-40B8-9823-8DCA4A907CE6}
		{F342FA05-250E-4EE1-9A2F-BF5512660177} = {3F294B57-4254-40B8-9823-8DCA4A907CE6}
		{1A4A2552-0992-441D-A196-6CD0A9321AFA} = {3F294B57-4254-40B8-9823-8DCA4A907CE6}
		{4F79EBC2-5860-45C2-942B-F054ECDFA4A0} = {3F294B57-4254-40B8-9823-8DCA4A907CE6}
		{AF7C4643-225E-4A4D-B8F7-1C9B94A1C928} = {3F294B57-4254-40B8-9823-8DCA4A907CE6}
		{8E99DEE0-F1FA-4456-BD0F-7F0B4FFF481C} = {3F294B57-4254-40B8-9823-8DCA4A907CE6}
		{B5A698C9-2DCD-4D38-A073-090A2B7A1283} = {3F294B57-4254-40B8-9823-8DCA4A907CE6}
		{57F767C6-24FF-4DF5-A4CC-049F9AC65A1C} = {3F294B57-4254-40B8-9823-8DCA4A907CE6}
		{C84853FB-0ACB-4C46-AA7E-40949D52B1FB} = {12607996-382E-442B-8A1B-3A225145A583}
		{72840039-9F27-48FF-AD66-02110ABB1394} = {C84853FB-0ACB-4C46-AA7E-40949D52B1FB}
		{43F0E73F-ED8C-4CF2-A4EA-E15F53942814} = {C84853FB-0ACB-4C46-AA7E-40949D52B1FB}
		{7BF5B593-687F-4A83-975E-23CE866451BE} = {C84853FB-0ACB-4C46-AA7E-40949D52B1FB}
		{40C735EC-6EB3-491B-B8EF-6158FC230CD7} = {C84853FB-0ACB-4C46-AA7E-40949D52B1FB}
		{A5B8177A-651A-43C5-A570-618F61475A68} = {C84853FB-0ACB-4C46-AA7E-40949D52B1FB}
		{F5CA195E-8998-4512-B715-4D1DCB139BC2} = {C84853FB-0ACB-4C46-AA7E-40949D52B1FB}
		{62608833-7908-4A2B-B0E3-E4A0E3478EC6} = {C84853FB-0ACB-4C46-AA7E-40949D52B1FB}
		{27CB8451-63C6-40E8-8FCE-51920CD1F042} = {C84853FB-0ACB-4C46-AA7E-40949D52B1FB}
		{0E77D1F1-4098-46D3-9479-4D15B23523BD} = {C84853FB-0ACB-4C46-AA7E-40949D52B1FB}
		{D027720F-DC74-4D9C-BEA3-1AEBB96FB368} = {C84853FB-0ACB-4C46-AA7E-40949D52B1FB}
		{B717054A-CAEB-4CDB-9CA9-C596B4C0BB73} = {C84853FB-0ACB-4C46-AA7E-40949D52B1FB}
		{CD93C2C5-FF8A-4822-A115-7833708917EB} = {12607996-382E-442B-8A1B-3A225145A583}
		{B9B6514D-1CBD-407B-A554-BC2189E85BF1} = {CD93C2C5-FF8A-4822-A115-7833708917EB}
		{21856105-9B38-4581-BB2A-D469F9A4D63F} = {CD93C2C5-FF8A-4822-A115-7833708917EB}
		{0CC5EF63-8CCE-44EF-A0EF-CA7673F8262A} = {CD93C2C5-FF8A-4822-A115-7833708917EB}
		{33265F86-4185-484C-93EA-D8335B6DD9E6} = {CD93C2C5-FF8A-4822-A115-7833708917EB}
		{C74BE7E9-61CB-4C41-82C9-C98ACBDBA482} = {CD93C2C5-FF8A-4822-A115-7833708917EB}
		{F32382F0-C99E-43FD-BDB6-87E6A458CD8B} = {CD93C2C5-FF8A-4822-A115-7833708917EB}
	EndGlobalSection
	GlobalSection(ExtensibilityGlobals) = postSolution
		SolutionGuid = {28315BFD-90E7-4E14-A2EA-F3D23AF4126F}
	EndGlobalSection
EndGlobal
